
Microsoft Visual Studio Solution File, Format Version 12.00
# Visual Studio Version 17
VisualStudioVersion = 17.2.32630.192
MinimumVisualStudioVersion = 10.0.40219.1
Project("{9A19103F-16F7-4668-BE54-9A1E7A4F7556}") = "R5T.S0082", "R5T.S0082\R5T.S0082.csproj", "{74F07986-8449-4448-B4C9-226539511246}"
EndProject
Project("{2150E333-8FDC-42A3-9474-1A3956D46DE8}") = "_Dependencies", "_Dependencies", "{91165455-3C7C-46D5-9D94-6DC75B8AA4E2}"
EndProject
Project("{9A19103F-16F7-4668-BE54-9A1E7A4F7556}") = "R5T.T0131", "..\..\R5T.T0131\source\R5T.T0131\R5T.T0131.csproj", "{6BFFA342-7355-4D48-A764-96F6F004AB22}"
EndProject
Project("{9A19103F-16F7-4668-BE54-9A1E7A4F7556}") = "R5T.T0132", "..\..\R5T.T0132\source\R5T.T0132\R5T.T0132.csproj", "{7C771756-33B3-4215-84D7-BD12C7BBB99A}"
EndProject
Project("{9A19103F-16F7-4668-BE54-9A1E7A4F7556}") = "R5T.T0143", "..\..\R5T.T0143\source\R5T.T0143\R5T.T0143.csproj", "{BF9CD717-6ABD-449B-96FF-2A5519B76051}"
EndProject
Project("{9A19103F-16F7-4668-BE54-9A1E7A4F7556}") = "R5T.T0178", "..\..\R5T.T0178\source\R5T.T0178\R5T.T0178.csproj", "{2A9F109F-8D6D-46DE-A06E-0738577B8AB6}"
EndProject
Project("{9A19103F-16F7-4668-BE54-9A1E7A4F7556}") = "R5T.T0179", "..\..\R5T.T0179\source\R5T.T0179\R5T.T0179.csproj", "{A25A5E99-7836-4E8D-A973-86B278B6BC25}"
EndProject
Project("{9A19103F-16F7-4668-BE54-9A1E7A4F7556}") = "R5T.T0185", "..\..\R5T.T0185\source\R5T.T0185\R5T.T0185.csproj", "{3C7FE6BA-4ADE-4899-80F3-30598F9468FA}"
EndProject
Project("{9A19103F-16F7-4668-BE54-9A1E7A4F7556}") = "R5T.T0203", "..\..\R5T.T0203\source\R5T.T0203\R5T.T0203.csproj", "{96E44E33-DF43-4F70-9146-D26796248305}"
EndProject
Project("{9A19103F-16F7-4668-BE54-9A1E7A4F7556}") = "R5T.T0211", "..\..\R5T.T0211\source\R5T.T0211\R5T.T0211.csproj", "{8FB9DE3A-5C0B-42CA-872A-9E7B73F44F7E}"
EndProject
Project("{9A19103F-16F7-4668-BE54-9A1E7A4F7556}") = "R5T.Z0054", "..\..\R5T.Z0054\source\R5T.Z0054\R5T.Z0054.csproj", "{92C212A3-6945-4572-A934-45A0FD52E80A}"
EndProject
Project("{9A19103F-16F7-4668-BE54-9A1E7A4F7556}") = "R5T.F0000", "..\..\R5T.F0000\source\R5T.F0000\R5T.F0000.csproj", "{196E8D54-BEAA-4BE2-9845-DD3ED49B3FDC}"
EndProject
Project("{9A19103F-16F7-4668-BE54-9A1E7A4F7556}") = "R5T.F0002", "..\..\R5T.F0002\source\R5T.F0002\R5T.F0002.csproj", "{B5FF9CF8-D2C5-4D95-930C-905F63B4E7C6}"
EndProject
Project("{9A19103F-16F7-4668-BE54-9A1E7A4F7556}") = "R5T.F0120", "..\..\R5T.F0120\source\R5T.F0120\R5T.F0120.csproj", "{BAD5A52C-ADC6-4DB6-8767-0F373CF94EBE}"
EndProject
Project("{9A19103F-16F7-4668-BE54-9A1E7A4F7556}") = "R5T.F0124", "..\..\R5T.F0124\source\R5T.F0124\R5T.F0124.csproj", "{3038D882-8F8D-42BF-8E9E-E6A378A73B53}"
EndProject
Project("{9A19103F-16F7-4668-BE54-9A1E7A4F7556}") = "R5T.F0125", "..\..\R5T.F0125\source\R5T.F0125\R5T.F0125.csproj", "{89AD85AE-49E1-4E5C-B20D-CABC6417B934}"
EndProject
Project("{9A19103F-16F7-4668-BE54-9A1E7A4F7556}") = "R5T.L0030.T000", "..\..\R5T.L0030\source\R5T.L0030.T000\R5T.L0030.T000.csproj", "{3C67F39E-F7E4-4E17-B4A6-CC6C0BB5847F}"
EndProject
Project("{9A19103F-16F7-4668-BE54-9A1E7A4F7556}") = "R5T.L0030", "..\..\R5T.L0030\source\R5T.L0030\R5T.L0030.csproj", "{BFA5ED83-479E-4A73-A63B-C60C452C43DE}"
EndProject
Project("{9A19103F-16F7-4668-BE54-9A1E7A4F7556}") = "R5T.L0034", "..\..\R5T.L0034\source\R5T.L0034\R5T.L0034.csproj", "{F13310AF-93E4-4847-A06A-01930B0A6A52}"
EndProject
Project("{9A19103F-16F7-4668-BE54-9A1E7A4F7556}") = "R5T.L0035", "..\..\R5T.L0035\source\R5T.L0035\R5T.L0035.csproj", "{0F60FBE3-4CFD-470A-8876-2E07F82F0E56}"
EndProject
Project("{9A19103F-16F7-4668-BE54-9A1E7A4F7556}") = "R5T.NG0022", "..\..\R5T.NG0022\source\R5T.NG0022\R5T.NG0022.csproj", "{81C2C69E-1711-40A8-9822-02A1931BC5CE}"
EndProject
Project("{9A19103F-16F7-4668-BE54-9A1E7A4F7556}") = "R5T.T0142", "..\..\R5T.T0142\source\R5T.T0142\R5T.T0142.csproj", "{BC8D7804-9344-46BE-BC0E-7965654631C8}"
EndProject
Project("{9A19103F-16F7-4668-BE54-9A1E7A4F7556}") = "R5T.T0150", "..\..\R5T.T0150\source\R5T.T0150\R5T.T0150.csproj", "{A2E29714-ED33-4274-9043-8A744FC01132}"
EndProject
Project("{9A19103F-16F7-4668-BE54-9A1E7A4F7556}") = "R5T.T0151", "..\..\R5T.T0151\source\R5T.T0151\R5T.T0151.csproj", "{588EB7B9-C6A3-4900-B220-E3CAC64707F3}"
EndProject
Project("{9A19103F-16F7-4668-BE54-9A1E7A4F7556}") = "R5T.T0156", "..\..\R5T.T0156\source\R5T.T0156\R5T.T0156.csproj", "{BBD16865-E6CA-4387-A84D-F2C60479B19D}"
EndProject
Project("{9A19103F-16F7-4668-BE54-9A1E7A4F7556}") = "R5T.T0162", "..\..\R5T.T0162\source\R5T.T0162\R5T.T0162.csproj", "{6179A9DA-0F77-4D6F-BB3D-E97C2C05881F}"
EndProject
Project("{9A19103F-16F7-4668-BE54-9A1E7A4F7556}") = "R5T.T0172", "..\..\R5T.T0172\source\R5T.T0172\R5T.T0172.csproj", "{5951F4A3-EADE-4BE2-B6D4-4ABA018E9A06}"
EndProject
Project("{9A19103F-16F7-4668-BE54-9A1E7A4F7556}") = "R5T.T0174", "..\..\R5T.T0174\source\R5T.T0174\R5T.T0174.csproj", "{022B1C78-A11F-47C0-B5FC-2AA5266420F5}"
EndProject
Project("{9A19103F-16F7-4668-BE54-9A1E7A4F7556}") = "R5T.T0176", "..\..\R5T.T0176\source\R5T.T0176\R5T.T0176.csproj", "{45AB9966-3603-46AF-811B-AE4A3FC33F31}"
EndProject
Project("{9A19103F-16F7-4668-BE54-9A1E7A4F7556}") = "R5T.T0177", "..\..\R5T.T0177\source\R5T.T0177\R5T.T0177.csproj", "{8FEC7C02-63B0-49EF-8858-6DBC8E203B96}"
EndProject
Project("{9A19103F-16F7-4668-BE54-9A1E7A4F7556}") = "R5T.T0180", "..\..\R5T.T0180\source\R5T.T0180\R5T.T0180.csproj", "{C465CD02-629B-4C3E-90B0-5E1A093601FF}"
EndProject
Project("{9A19103F-16F7-4668-BE54-9A1E7A4F7556}") = "R5T.T0181", "..\..\R5T.T0181\source\R5T.T0181\R5T.T0181.csproj", "{AE01A78F-6E95-4AF4-961D-0AE901C3717F}"
EndProject
Project("{9A19103F-16F7-4668-BE54-9A1E7A4F7556}") = "R5T.T0212.F000", "..\..\R5T.T0212\source\R5T.T0212.F000\R5T.T0212.F000.csproj", "{08212725-0AE4-44C2-8F3D-DEEDD36411F3}"
EndProject
Project("{9A19103F-16F7-4668-BE54-9A1E7A4F7556}") = "R5T.T0212.Z000", "..\..\R5T.T0212\source\R5T.T0212.Z000\R5T.T0212.Z000.csproj", "{622ABF9F-95B5-4A78-95D3-9191E4DC3D1E}"
EndProject
Project("{9A19103F-16F7-4668-BE54-9A1E7A4F7556}") = "R5T.T0212", "..\..\R5T.T0212\source\R5T.T0212\R5T.T0212.csproj", "{F71E8F2D-B46C-41D5-8F87-15FB77A4BA12}"
EndProject
Project("{9A19103F-16F7-4668-BE54-9A1E7A4F7556}") = "R5T.T0213", "..\..\R5T.T0213\source\R5T.T0213\R5T.T0213.csproj", "{327083D0-8F39-4472-929F-7D5B8B88A465}"
EndProject
Project("{9A19103F-16F7-4668-BE54-9A1E7A4F7556}") = "R5T.Y0000", "..\..\R5T.Y0000\source\R5T.Y0000\R5T.Y0000.csproj", "{5990316E-28E6-4A1F-90D5-0FCFD3C8BC2B}"
EndProject
Project("{9A19103F-16F7-4668-BE54-9A1E7A4F7556}") = "R5T.Z0000", "..\..\R5T.Z0000\source\R5T.Z0000\R5T.Z0000.csproj", "{17624716-309B-463E-872B-105A9F66AA25}"
EndProject
Project("{9A19103F-16F7-4668-BE54-9A1E7A4F7556}") = "R5T.Z0055", "..\..\R5T.Z0055\source\R5T.Z0055\R5T.Z0055.csproj", "{48C4A3DF-A956-475C-9CC7-145D488B66F9}"
EndProject
Project("{9A19103F-16F7-4668-BE54-9A1E7A4F7556}") = "R5T.Z0056", "..\..\R5T.Z0056\source\R5T.Z0056\R5T.Z0056.csproj", "{08CBB32C-4E10-4FF9-81DD-11D89B42C60C}"
EndProject
Project("{9A19103F-16F7-4668-BE54-9A1E7A4F7556}") = "R5T.O0027", "..\..\R5T.O0027\source\R5T.O0027\R5T.O0027.csproj", "{A03D69D9-4117-429C-A407-898E77061CCE}"
EndProject
Project("{9A19103F-16F7-4668-BE54-9A1E7A4F7556}") = "R5T.T0211.F000", "..\..\R5T.T0211\source\R5T.T0211.F000\R5T.T0211.F000.csproj", "{074DCB23-87D8-4B7F-8973-7BA8B793099B}"
EndProject
Project("{9A19103F-16F7-4668-BE54-9A1E7A4F7556}") = "R5T.T0211.Z000", "..\..\R5T.T0211\source\R5T.T0211.Z000\R5T.T0211.Z000.csproj", "{C41C201B-C6C2-471C-B56F-3A091ED85D6B}"
EndProject
Project("{9A19103F-16F7-4668-BE54-9A1E7A4F7556}") = "R5T.F0016.F001", "..\..\R5T.F0016\source\R5T.F0016.F001\R5T.F0016.F001.csproj", "{7FF636B2-39E1-49F5-920D-08282FD5B2D7}"
EndProject
Project("{9A19103F-16F7-4668-BE54-9A1E7A4F7556}") = "R5T.F0016", "..\..\R5T.F0016\source\R5T.F0016\R5T.F0016.csproj", "{0883E146-CA7E-430E-A194-87336D4A332B}"
EndProject
Project("{9A19103F-16F7-4668-BE54-9A1E7A4F7556}") = "R5T.F0019", "..\..\R5T.F0019\source\R5T.F0019\R5T.F0019.csproj", "{300704D4-A20E-4289-8035-C58FEBB40F1E}"
EndProject
Project("{9A19103F-16F7-4668-BE54-9A1E7A4F7556}") = "R5T.F0020", "..\..\R5T.F0020\source\R5T.F0020\R5T.F0020.csproj", "{3B57FB79-C0F6-4EE3-B692-AE74D3CBCEA8}"
EndProject
Project("{9A19103F-16F7-4668-BE54-9A1E7A4F7556}") = "R5T.F0032", "..\..\R5T.F0032\source\R5T.F0032\R5T.F0032.csproj", "{86E934E6-700E-4A8A-AA7C-EA6E19D8B06A}"
EndProject
Project("{9A19103F-16F7-4668-BE54-9A1E7A4F7556}") = "R5T.F0040.F000", "..\..\R5T.F0040\source\R5T.F0040.F000\R5T.F0040.F000.csproj", "{ADDE505C-5583-4941-AB36-2348F6A6176C}"
EndProject
Project("{9A19103F-16F7-4668-BE54-9A1E7A4F7556}") = "R5T.F0041", "..\..\R5T.F0041\source\R5T.F0041\R5T.F0041.csproj", "{04271DFC-3219-4C29-A712-B1EC2FF47BCF}"
EndProject
Project("{9A19103F-16F7-4668-BE54-9A1E7A4F7556}") = "R5T.F0044", "..\..\R5T.F0044\source\R5T.F0044\R5T.F0044.csproj", "{C126DDC6-0D6F-478C-8E0C-3FE3C505C252}"
EndProject
Project("{9A19103F-16F7-4668-BE54-9A1E7A4F7556}") = "R5T.F0046", "..\..\R5T.F0046\source\R5T.F0046\R5T.F0046.csproj", "{523BA24E-7280-40F2-9AA0-33C5E0139787}"
EndProject
Project("{9A19103F-16F7-4668-BE54-9A1E7A4F7556}") = "R5T.F0047", "..\..\R5T.F0047\source\R5T.F0047\R5T.F0047.csproj", "{13DD3CD5-B5F9-4296-BA35-8C7CB990CA91}"
EndProject
Project("{9A19103F-16F7-4668-BE54-9A1E7A4F7556}") = "R5T.F0057", "..\..\R5T.F0057\source\R5T.F0057\R5T.F0057.csproj", "{DEFC1D05-E630-4B8A-A65E-3229D4BE5159}"
EndProject
Project("{9A19103F-16F7-4668-BE54-9A1E7A4F7556}") = "R5T.F0129", "..\..\R5T.F0129\source\R5T.F0129\R5T.F0129.csproj", "{F247D1E6-B811-401C-B94D-F212AED0E20B}"
EndProject
Project("{9A19103F-16F7-4668-BE54-9A1E7A4F7556}") = "R5T.F0130", "..\..\R5T.F0130\source\R5T.F0130\R5T.F0130.csproj", "{01E0E840-90FF-4A1C-B59B-AF354F8455FF}"
EndProject
Project("{9A19103F-16F7-4668-BE54-9A1E7A4F7556}") = "R5T.L0001.Y000", "..\..\R5T.L0001\source\R5T.L0001.Y000\R5T.L0001.Y000.csproj", "{6BBAA337-9C9B-42F3-A55A-C8DDD4B3D0FA}"
EndProject
Project("{9A19103F-16F7-4668-BE54-9A1E7A4F7556}") = "R5T.L0001.Z000", "..\..\R5T.L0001\source\R5T.L0001.Z000\R5T.L0001.Z000.csproj", "{7EFFBFA8-7E95-4A4C-8AF2-929BAE450EF8}"
EndProject
Project("{9A19103F-16F7-4668-BE54-9A1E7A4F7556}") = "R5T.L0001", "..\..\R5T.L0001\source\R5T.L0001\R5T.L0001.csproj", "{A87059BF-0374-46F8-BD73-8ED972CA80E9}"
EndProject
Project("{9A19103F-16F7-4668-BE54-9A1E7A4F7556}") = "R5T.L0031.T000", "..\..\R5T.L0031\source\R5T.L0031.T000\R5T.L0031.T000.csproj", "{40C8859F-9DB9-4E71-A629-71E61B5FB3EC}"
EndProject
Project("{9A19103F-16F7-4668-BE54-9A1E7A4F7556}") = "R5T.L0031", "..\..\R5T.L0031\source\R5T.L0031\R5T.L0031.csproj", "{2240D13B-427E-4474-982A-3D64958D041C}"
EndProject
Project("{9A19103F-16F7-4668-BE54-9A1E7A4F7556}") = "R5T.L0032.F000", "..\..\R5T.L0032\source\R5T.L0032.F000\R5T.L0032.F000.csproj", "{C507493D-FB7D-4B80-B3BA-AB63462FD7ED}"
EndProject
Project("{9A19103F-16F7-4668-BE54-9A1E7A4F7556}") = "R5T.L0032.T000", "..\..\R5T.L0032\source\R5T.L0032.T000\R5T.L0032.T000.csproj", "{E20DAE47-7F58-41D4-AE34-0C1E41E7D04F}"
EndProject
Project("{9A19103F-16F7-4668-BE54-9A1E7A4F7556}") = "R5T.L0032.Z000", "..\..\R5T.L0032\source\R5T.L0032.Z000\R5T.L0032.Z000.csproj", "{83366C15-8FAD-43BD-957F-D71755006B8F}"
EndProject
Project("{9A19103F-16F7-4668-BE54-9A1E7A4F7556}") = "R5T.L0032", "..\..\R5T.L0032\source\R5T.L0032\R5T.L0032.csproj", "{B83742BE-8146-4770-8B27-572FF4291DB7}"
EndProject
Project("{9A19103F-16F7-4668-BE54-9A1E7A4F7556}") = "R5T.L0033.Z001", "..\..\R5T.L0033\source\R5T.L0033.Z001\R5T.L0033.Z001.csproj", "{F4DF2B7E-DDB2-4539-B49F-C9EA142083FD}"
EndProject
Project("{9A19103F-16F7-4668-BE54-9A1E7A4F7556}") = "R5T.L0036.T000", "..\..\R5T.L0036\source\R5T.L0036.T000\R5T.L0036.T000.csproj", "{F98BB579-D015-4173-B685-74899FCF4E5A}"
EndProject
Project("{9A19103F-16F7-4668-BE54-9A1E7A4F7556}") = "R5T.L0036", "..\..\R5T.L0036\source\R5T.L0036\R5T.L0036.csproj", "{F632867F-0AAD-46DF-A661-93D4ED3E8BAD}"
EndProject
Project("{9A19103F-16F7-4668-BE54-9A1E7A4F7556}") = "R5T.NG0005", "..\..\R5T.NG0005\source\R5T.NG0005\R5T.NG0005.csproj", "{842D1550-8742-41BB-801F-C1FDA7CFF8BD}"
EndProject
Project("{9A19103F-16F7-4668-BE54-9A1E7A4F7556}") = "R5T.NG0006", "..\..\R5T.NG0006\source\R5T.NG0006\R5T.NG0006.csproj", "{664AE0EC-1B69-421E-8EE2-BF567C40280F}"
EndProject
Project("{9A19103F-16F7-4668-BE54-9A1E7A4F7556}") = "R5T.NG0008", "..\..\R5T.NG0008\source\R5T.NG0008\R5T.NG0008.csproj", "{A27423F2-AD74-42CB-B4DB-4873A4EC10D6}"
EndProject
Project("{9A19103F-16F7-4668-BE54-9A1E7A4F7556}") = "R5T.O0006", "..\..\R5T.O0006\source\R5T.O0006\R5T.O0006.csproj", "{0B44EEFA-8883-4F6F-8D7F-567A3EAB0A26}"
EndProject
Project("{9A19103F-16F7-4668-BE54-9A1E7A4F7556}") = "R5T.O0017", "..\..\R5T.O0017\source\R5T.O0017\R5T.O0017.csproj", "{67E11CF5-A9AF-4DFB-B806-B9455CFACE1F}"
EndProject
Project("{9A19103F-16F7-4668-BE54-9A1E7A4F7556}") = "R5T.O0023", "..\..\R5T.O0023\source\R5T.O0023\R5T.O0023.csproj", "{83430CD7-B40E-4753-ADA4-E33DA01E3B43}"
EndProject
Project("{9A19103F-16F7-4668-BE54-9A1E7A4F7556}") = "R5T.O0025.O000", "..\..\R5T.O0025\source\R5T.O0025.O000\R5T.O0025.O000.csproj", "{349A74E9-5782-4B24-9E13-87FE0FD3361F}"
EndProject
Project("{9A19103F-16F7-4668-BE54-9A1E7A4F7556}") = "R5T.O0025.O001", "..\..\R5T.O0025\source\R5T.O0025.O001\R5T.O0025.O001.csproj", "{30675F8A-EC8C-4D7F-8847-FEFA6A8EDC62}"
EndProject
Project("{9A19103F-16F7-4668-BE54-9A1E7A4F7556}") = "R5T.O0025.O002", "..\..\R5T.O0025\source\R5T.O0025.O002\R5T.O0025.O002.csproj", "{F2A95D7D-328D-45A0-AD2F-60061260A2DD}"
EndProject
Project("{9A19103F-16F7-4668-BE54-9A1E7A4F7556}") = "R5T.O0025.O003", "..\..\R5T.O0025\source\R5T.O0025.O003\R5T.O0025.O003.csproj", "{3EB098A5-E196-47DA-9B1A-9B6DFEF50F34}"
EndProject
Project("{9A19103F-16F7-4668-BE54-9A1E7A4F7556}") = "R5T.O0025", "..\..\R5T.O0025\source\R5T.O0025\R5T.O0025.csproj", "{2A8C35F1-E97D-4E5E-88D2-4BD3B73BCF84}"
EndProject
Project("{9A19103F-16F7-4668-BE54-9A1E7A4F7556}") = "R5T.O0026.O001", "..\..\R5T.O0026\source\R5T.O0026.O001\R5T.O0026.O001.csproj", "{EB044615-4C93-4FBD-921A-1A6E9891F4B0}"
EndProject
Project("{9A19103F-16F7-4668-BE54-9A1E7A4F7556}") = "R5T.O0026.O002", "..\..\R5T.O0026\source\R5T.O0026.O002\R5T.O0026.O002.csproj", "{C4B47D49-0D2E-4E89-8DE5-7508C6E050E4}"
EndProject
Project("{9A19103F-16F7-4668-BE54-9A1E7A4F7556}") = "R5T.O0026", "..\..\R5T.O0026\source\R5T.O0026\R5T.O0026.csproj", "{43FA94FE-4B17-4C63-AF45-190F3D9AD0F6}"
EndProject
Project("{9A19103F-16F7-4668-BE54-9A1E7A4F7556}") = "R5T.T0046", "..\..\R5T.T0046\source\R5T.T0046\R5T.T0046.csproj", "{D2D1E5ED-19FB-4C38-A6D5-4778025C81B1}"
EndProject
Project("{9A19103F-16F7-4668-BE54-9A1E7A4F7556}") = "R5T.T0137", "..\..\R5T.T0137\source\R5T.T0137\R5T.T0137.csproj", "{46787BE3-81BE-4E98-9569-F0F7EDB0FDC0}"
EndProject
Project("{9A19103F-16F7-4668-BE54-9A1E7A4F7556}") = "R5T.T0144", "..\..\R5T.T0144\source\R5T.T0144\R5T.T0144.csproj", "{F1AE91B8-A2EA-43A2-AAB1-3D8F3C7CE192}"
EndProject
Project("{9A19103F-16F7-4668-BE54-9A1E7A4F7556}") = "R5T.T0152", "..\..\R5T.T0152\source\R5T.T0152\R5T.T0152.csproj", "{334CB432-97D5-406F-9304-A689D487DAF0}"
EndProject
Project("{9A19103F-16F7-4668-BE54-9A1E7A4F7556}") = "R5T.T0158", "..\..\R5T.T0158\source\R5T.T0158\R5T.T0158.csproj", "{EFAD1F84-B5BD-45C0-AAE0-2113CA201457}"
EndProject
Project("{9A19103F-16F7-4668-BE54-9A1E7A4F7556}") = "R5T.T0159", "..\..\R5T.T0159\source\R5T.T0159\R5T.T0159.csproj", "{D5D065A8-7914-4E24-82D8-DB8A9BF5C69F}"
EndProject
Project("{9A19103F-16F7-4668-BE54-9A1E7A4F7556}") = "R5T.T0184", "..\..\R5T.T0184\source\R5T.T0184\R5T.T0184.csproj", "{4825F9DC-B413-4C02-9145-A1BCC1A53040}"
EndProject
Project("{9A19103F-16F7-4668-BE54-9A1E7A4F7556}") = "R5T.T0186", "..\..\R5T.T0186\source\R5T.T0186\R5T.T0186.csproj", "{F6B93A92-9D89-40F3-B636-20D3EDF8D5FE}"
EndProject
Project("{9A19103F-16F7-4668-BE54-9A1E7A4F7556}") = "R5T.T0187", "..\..\R5T.T0187\source\R5T.T0187\R5T.T0187.csproj", "{AB6079D6-B808-435C-B2CC-79280489D639}"
EndProject
Project("{9A19103F-16F7-4668-BE54-9A1E7A4F7556}") = "R5T.T0198", "..\..\R5T.T0198\source\R5T.T0198\R5T.T0198.csproj", "{FDCFEF55-FF3A-45C9-B5D0-82920E5D9721}"
EndProject
Project("{9A19103F-16F7-4668-BE54-9A1E7A4F7556}") = "R5T.T0200", "..\..\R5T.T0200\source\R5T.T0200\R5T.T0200.csproj", "{283D6635-6DF5-4711-8499-448CE9614D70}"
EndProject
Project("{9A19103F-16F7-4668-BE54-9A1E7A4F7556}") = "R5T.T0202", "..\..\R5T.T0202\source\R5T.T0202\R5T.T0202.csproj", "{84B1BA94-FE00-475B-BA6E-BC8E631269F7}"
EndProject
Project("{9A19103F-16F7-4668-BE54-9A1E7A4F7556}") = "R5T.T0205", "..\..\R5T.T0205\source\R5T.T0205\R5T.T0205.csproj", "{9ED15409-55FF-43C9-90A2-4B31B35DCFCD}"
EndProject
Project("{9A19103F-16F7-4668-BE54-9A1E7A4F7556}") = "R5T.T0206", "..\..\R5T.T0206\source\R5T.T0206\R5T.T0206.csproj", "{17220987-944D-4254-865C-A7DAB6BDAA2F}"
EndProject
Project("{9A19103F-16F7-4668-BE54-9A1E7A4F7556}") = "R5T.T0208", "..\..\R5T.T0208\source\R5T.T0208\R5T.T0208.csproj", "{871D6954-7C2A-4ABA-B752-B8D80D830634}"
EndProject
Project("{9A19103F-16F7-4668-BE54-9A1E7A4F7556}") = "R5T.T0209", "..\..\R5T.T0209\source\R5T.T0209\R5T.T0209.csproj", "{DFA291C9-219B-4EF9-AA09-E18C853168AF}"
EndProject
Project("{9A19103F-16F7-4668-BE54-9A1E7A4F7556}") = "R5T.T0210", "..\..\R5T.T0210\source\R5T.T0210\R5T.T0210.csproj", "{28CE9B47-BA30-4E80-A926-0B193C4B3662}"
EndProject
Project("{9A19103F-16F7-4668-BE54-9A1E7A4F7556}") = "R5T.Y0004", "..\..\R5T.Y0004\source\R5T.Y0004\R5T.Y0004.csproj", "{36C91EC5-6E6A-4B91-9E05-47DE3025514D}"
EndProject
Project("{9A19103F-16F7-4668-BE54-9A1E7A4F7556}") = "R5T.Z0005", "..\..\R5T.Z0005\source\R5T.Z0005\R5T.Z0005.csproj", "{FE64F4E7-09B9-444F-BFBF-18B405070DE3}"
EndProject
Project("{9A19103F-16F7-4668-BE54-9A1E7A4F7556}") = "R5T.Z0013", "..\..\R5T.Z0013\source\R5T.Z0013\R5T.Z0013.csproj", "{68B0808E-A325-4AE2-82F4-E51E3A4F0A33}"
EndProject
Project("{9A19103F-16F7-4668-BE54-9A1E7A4F7556}") = "R5T.Z0044.Z001", "..\..\R5T.Z0044\source\R5T.Z0044.Z001\R5T.Z0044.Z001.csproj", "{D4B30834-0F0A-4ECB-9C95-E7A2CA6CE116}"
EndProject
Project("{9A19103F-16F7-4668-BE54-9A1E7A4F7556}") = "R5T.Z0048", "..\..\R5T.Z0048\source\R5T.Z0048\R5T.Z0048.csproj", "{B873B117-F52A-4327-ACEC-DD0256D2449B}"
EndProject
Project("{9A19103F-16F7-4668-BE54-9A1E7A4F7556}") = "R5T.F0040", "..\..\R5T.F0040\source\R5T.F0040\R5T.F0040.csproj", "{2BC9A20B-86F3-41DC-AA26-7BB0BC546132}"
EndProject
Project("{9A19103F-16F7-4668-BE54-9A1E7A4F7556}") = "R5T.O0026.O003", "..\..\R5T.O0026\source\R5T.O0026.O003\R5T.O0026.O003.csproj", "{8165FBC5-42CF-47B0-A05A-C9E009DEE6C5}"
EndProject
Project("{9A19103F-16F7-4668-BE54-9A1E7A4F7556}") = "R5T.Z0012", "..\..\R5T.Z0012\source\R5T.Z0012\R5T.Z0012.csproj", "{8C9A3743-2887-484C-9BDB-5700D626AAFA}"
EndProject
Project("{9A19103F-16F7-4668-BE54-9A1E7A4F7556}") = "R5T.Z0015", "..\..\R5T.Z0015\source\R5T.Z0015\R5T.Z0015.csproj", "{8CF4B233-B901-4926-9588-3B6A759DB21A}"
EndProject
Project("{9A19103F-16F7-4668-BE54-9A1E7A4F7556}") = "R5T.F0033", "..\..\R5T.F0033\source\R5T.F0033\R5T.F0033.csproj", "{48C0B5B5-D627-4903-835E-2CBAC607EF4D}"
EndProject
Project("{9A19103F-16F7-4668-BE54-9A1E7A4F7556}") = "R5T.T0141", "..\..\R5T.T0141\source\R5T.T0141\R5T.T0141.csproj", "{6AB1079C-965C-4C9E-A633-2D7D03D439AD}"
EndProject
Project("{9A19103F-16F7-4668-BE54-9A1E7A4F7556}") = "R5T.T0218", "..\..\R5T.T0218\source\R5T.T0218\R5T.T0218.csproj", "{E12ABDDE-6642-4030-B25C-BBC4F504D0C4}"
EndProject
Project("{9A19103F-16F7-4668-BE54-9A1E7A4F7556}") = "R5T.Z0057", "..\..\R5T.Z0057\source\R5T.Z0057\R5T.Z0057.csproj", "{721E2BBD-E567-40D4-A69E-F35A6FF5BEA9}"
EndProject
Project("{9A19103F-16F7-4668-BE54-9A1E7A4F7556}") = "R5T.T0199", "..\..\R5T.T0199\source\R5T.T0199\R5T.T0199.csproj", "{87067B60-74C7-493F-A65D-C1183878536A}"
EndProject
Project("{9A19103F-16F7-4668-BE54-9A1E7A4F7556}") = "R5T.T0220", "..\..\R5T.T0220\source\R5T.T0220\R5T.T0220.csproj", "{479F401C-0840-4D6E-8652-D0A26B4B464B}"
EndProject
Project("{9A19103F-16F7-4668-BE54-9A1E7A4F7556}") = "R5T.T0221", "..\..\R5T.T0221\source\R5T.T0221\R5T.T0221.csproj", "{F7AD6428-F950-408C-9BE8-EB506E753A6B}"
EndProject
Project("{9A19103F-16F7-4668-BE54-9A1E7A4F7556}") = "R5T.Z0060", "..\..\R5T.Z0060\source\R5T.Z0060\R5T.Z0060.csproj", "{25DB4AC5-87DE-48BC-96E4-8A12D3CEF491}"
EndProject
Project("{9A19103F-16F7-4668-BE54-9A1E7A4F7556}") = "R5T.F0035.F001", "..\..\R5T.F0035\source\R5T.F0035.F001\R5T.F0035.F001.csproj", "{820D2706-2899-442C-A033-D996E407712E}"
EndProject
Project("{9A19103F-16F7-4668-BE54-9A1E7A4F7556}") = "R5T.F0059", "..\..\R5T.F0059\source\R5T.F0059\R5T.F0059.csproj", "{332E16D7-54A8-475F-B3F2-7672B74D4F29}"
EndProject
Project("{9A19103F-16F7-4668-BE54-9A1E7A4F7556}") = "R5T.NG0002", "..\..\R5T.NG0002\source\R5T.NG0002\R5T.NG0002.csproj", "{5DCD9C39-9105-4A57-B1ED-6DE70C360BD9}"
EndProject
Project("{9A19103F-16F7-4668-BE54-9A1E7A4F7556}") = "R5T.NG0007", "..\..\R5T.NG0007\source\R5T.NG0007\R5T.NG0007.csproj", "{FC2DCB8B-2C1B-4909-AFC1-D3AE0F1DF3BD}"
EndProject
Project("{9A19103F-16F7-4668-BE54-9A1E7A4F7556}") = "R5T.T0148", "..\..\R5T.T0148\source\R5T.T0148\R5T.T0148.csproj", "{08A07903-818D-4EDB-A597-F01E65C5C0A5}"
EndProject
Project("{9A19103F-16F7-4668-BE54-9A1E7A4F7556}") = "R5T.T0158.F000", "..\..\R5T.T0158\source\R5T.T0158.F000\R5T.T0158.F000.csproj", "{DCB611E7-8AC3-4EB2-96F4-F90EA0227121}"
EndProject
Project("{9A19103F-16F7-4668-BE54-9A1E7A4F7556}") = "R5T.T0158.T000", "..\..\R5T.T0158\source\R5T.T0158.T000\R5T.T0158.T000.csproj", "{C0FE9F23-CCE8-4E4C-9E3A-AEECA605E889}"
EndProject
Project("{9A19103F-16F7-4668-BE54-9A1E7A4F7556}") = "R5T.T0159.F000", "..\..\R5T.T0159\source\R5T.T0159.F000\R5T.T0159.F000.csproj", "{C8A068C0-61DE-42FC-AC6E-F869ABA65CC5}"
EndProject
Project("{9A19103F-16F7-4668-BE54-9A1E7A4F7556}") = "R5T.F0033.Platform", "..\..\R5T.F0033\source\R5T.F0033.Platform\R5T.F0033.Platform.csproj", "{06335AA6-4237-49BC-BDED-B05233ADD6AF}"
EndProject
Project("{9A19103F-16F7-4668-BE54-9A1E7A4F7556}") = "R5T.L0053", "..\..\R5T.L0053\source\R5T.L0053\R5T.L0053.csproj", "{2C8B8FED-57C4-40A2-835B-85E686D9349D}"
EndProject
Project("{9A19103F-16F7-4668-BE54-9A1E7A4F7556}") = "R5T.L0062.T000", "..\..\R5T.L0062\source\R5T.L0062.T000\R5T.L0062.T000.csproj", "{36CE13EE-15C6-40D7-A59A-C862454DB9FC}"
EndProject
Project("{9A19103F-16F7-4668-BE54-9A1E7A4F7556}") = "R5T.L0066", "..\..\R5T.L0066\source\R5T.L0066\R5T.L0066.csproj", "{91D33C60-B283-49F0-86E1-8450A2961AFB}"
EndProject
Project("{9A19103F-16F7-4668-BE54-9A1E7A4F7556}") = "R5T.T0224", "..\..\R5T.T0224\source\R5T.T0224\R5T.T0224.csproj", "{1A48C09A-4AE0-4A1C-866A-B0EFD787B6A0}"
EndProject
Project("{9A19103F-16F7-4668-BE54-9A1E7A4F7556}") = "R5T.Z0010.Platform", "..\..\R5T.Z0010\source\R5T.Z0010.Platform\R5T.Z0010.Platform.csproj", "{535C0718-17ED-4F6B-A2F4-394D5D090CCE}"
EndProject
Project("{9A19103F-16F7-4668-BE54-9A1E7A4F7556}") = "R5T.Z0057.Platform", "..\..\R5T.Z0057\source\R5T.Z0057.Platform\R5T.Z0057.Platform.csproj", "{DEBBD8E2-B22D-4C99-80C6-102EB04BD313}"
EndProject
Global
	GlobalSection(NestedProjects) = preSolution
		{6BFFA342-7355-4D48-A764-96F6F004AB22} = {91165455-3C7C-46D5-9D94-6DC75B8AA4E2}
		{7C771756-33B3-4215-84D7-BD12C7BBB99A} = {91165455-3C7C-46D5-9D94-6DC75B8AA4E2}
		{BF9CD717-6ABD-449B-96FF-2A5519B76051} = {91165455-3C7C-46D5-9D94-6DC75B8AA4E2}
		{2A9F109F-8D6D-46DE-A06E-0738577B8AB6} = {91165455-3C7C-46D5-9D94-6DC75B8AA4E2}
		{A25A5E99-7836-4E8D-A973-86B278B6BC25} = {91165455-3C7C-46D5-9D94-6DC75B8AA4E2}
		{3C7FE6BA-4ADE-4899-80F3-30598F9468FA} = {91165455-3C7C-46D5-9D94-6DC75B8AA4E2}
		{96E44E33-DF43-4F70-9146-D26796248305} = {91165455-3C7C-46D5-9D94-6DC75B8AA4E2}
		{8FB9DE3A-5C0B-42CA-872A-9E7B73F44F7E} = {91165455-3C7C-46D5-9D94-6DC75B8AA4E2}
		{92C212A3-6945-4572-A934-45A0FD52E80A} = {91165455-3C7C-46D5-9D94-6DC75B8AA4E2}
		{196E8D54-BEAA-4BE2-9845-DD3ED49B3FDC} = {91165455-3C7C-46D5-9D94-6DC75B8AA4E2}
		{B5FF9CF8-D2C5-4D95-930C-905F63B4E7C6} = {91165455-3C7C-46D5-9D94-6DC75B8AA4E2}
		{BAD5A52C-ADC6-4DB6-8767-0F373CF94EBE} = {91165455-3C7C-46D5-9D94-6DC75B8AA4E2}
		{3038D882-8F8D-42BF-8E9E-E6A378A73B53} = {91165455-3C7C-46D5-9D94-6DC75B8AA4E2}
		{89AD85AE-49E1-4E5C-B20D-CABC6417B934} = {91165455-3C7C-46D5-9D94-6DC75B8AA4E2}
		{3C67F39E-F7E4-4E17-B4A6-CC6C0BB5847F} = {91165455-3C7C-46D5-9D94-6DC75B8AA4E2}
		{BFA5ED83-479E-4A73-A63B-C60C452C43DE} = {91165455-3C7C-46D5-9D94-6DC75B8AA4E2}
		{F13310AF-93E4-4847-A06A-01930B0A6A52} = {91165455-3C7C-46D5-9D94-6DC75B8AA4E2}
		{0F60FBE3-4CFD-470A-8876-2E07F82F0E56} = {91165455-3C7C-46D5-9D94-6DC75B8AA4E2}
		{81C2C69E-1711-40A8-9822-02A1931BC5CE} = {91165455-3C7C-46D5-9D94-6DC75B8AA4E2}
		{BC8D7804-9344-46BE-BC0E-7965654631C8} = {91165455-3C7C-46D5-9D94-6DC75B8AA4E2}
		{A2E29714-ED33-4274-9043-8A744FC01132} = {91165455-3C7C-46D5-9D94-6DC75B8AA4E2}
		{588EB7B9-C6A3-4900-B220-E3CAC64707F3} = {91165455-3C7C-46D5-9D94-6DC75B8AA4E2}
		{BBD16865-E6CA-4387-A84D-F2C60479B19D} = {91165455-3C7C-46D5-9D94-6DC75B8AA4E2}
		{6179A9DA-0F77-4D6F-BB3D-E97C2C05881F} = {91165455-3C7C-46D5-9D94-6DC75B8AA4E2}
		{5951F4A3-EADE-4BE2-B6D4-4ABA018E9A06} = {91165455-3C7C-46D5-9D94-6DC75B8AA4E2}
		{022B1C78-A11F-47C0-B5FC-2AA5266420F5} = {91165455-3C7C-46D5-9D94-6DC75B8AA4E2}
		{45AB9966-3603-46AF-811B-AE4A3FC33F31} = {91165455-3C7C-46D5-9D94-6DC75B8AA4E2}
		{8FEC7C02-63B0-49EF-8858-6DBC8E203B96} = {91165455-3C7C-46D5-9D94-6DC75B8AA4E2}
		{C465CD02-629B-4C3E-90B0-5E1A093601FF} = {91165455-3C7C-46D5-9D94-6DC75B8AA4E2}
		{AE01A78F-6E95-4AF4-961D-0AE901C3717F} = {91165455-3C7C-46D5-9D94-6DC75B8AA4E2}
		{08212725-0AE4-44C2-8F3D-DEEDD36411F3} = {91165455-3C7C-46D5-9D94-6DC75B8AA4E2}
		{622ABF9F-95B5-4A78-95D3-9191E4DC3D1E} = {91165455-3C7C-46D5-9D94-6DC75B8AA4E2}
		{F71E8F2D-B46C-41D5-8F87-15FB77A4BA12} = {91165455-3C7C-46D5-9D94-6DC75B8AA4E2}
		{327083D0-8F39-4472-929F-7D5B8B88A465} = {91165455-3C7C-46D5-9D94-6DC75B8AA4E2}
		{5990316E-28E6-4A1F-90D5-0FCFD3C8BC2B} = {91165455-3C7C-46D5-9D94-6DC75B8AA4E2}
		{17624716-309B-463E-872B-105A9F66AA25} = {91165455-3C7C-46D5-9D94-6DC75B8AA4E2}
		{48C4A3DF-A956-475C-9CC7-145D488B66F9} = {91165455-3C7C-46D5-9D94-6DC75B8AA4E2}
		{08CBB32C-4E10-4FF9-81DD-11D89B42C60C} = {91165455-3C7C-46D5-9D94-6DC75B8AA4E2}
		{A03D69D9-4117-429C-A407-898E77061CCE} = {91165455-3C7C-46D5-9D94-6DC75B8AA4E2}
		{074DCB23-87D8-4B7F-8973-7BA8B793099B} = {91165455-3C7C-46D5-9D94-6DC75B8AA4E2}
		{C41C201B-C6C2-471C-B56F-3A091ED85D6B} = {91165455-3C7C-46D5-9D94-6DC75B8AA4E2}
		{7FF636B2-39E1-49F5-920D-08282FD5B2D7} = {91165455-3C7C-46D5-9D94-6DC75B8AA4E2}
		{0883E146-CA7E-430E-A194-87336D4A332B} = {91165455-3C7C-46D5-9D94-6DC75B8AA4E2}
		{300704D4-A20E-4289-8035-C58FEBB40F1E} = {91165455-3C7C-46D5-9D94-6DC75B8AA4E2}
		{3B57FB79-C0F6-4EE3-B692-AE74D3CBCEA8} = {91165455-3C7C-46D5-9D94-6DC75B8AA4E2}
		{86E934E6-700E-4A8A-AA7C-EA6E19D8B06A} = {91165455-3C7C-46D5-9D94-6DC75B8AA4E2}
		{ADDE505C-5583-4941-AB36-2348F6A6176C} = {91165455-3C7C-46D5-9D94-6DC75B8AA4E2}
		{04271DFC-3219-4C29-A712-B1EC2FF47BCF} = {91165455-3C7C-46D5-9D94-6DC75B8AA4E2}
		{C126DDC6-0D6F-478C-8E0C-3FE3C505C252} = {91165455-3C7C-46D5-9D94-6DC75B8AA4E2}
		{523BA24E-7280-40F2-9AA0-33C5E0139787} = {91165455-3C7C-46D5-9D94-6DC75B8AA4E2}
		{13DD3CD5-B5F9-4296-BA35-8C7CB990CA91} = {91165455-3C7C-46D5-9D94-6DC75B8AA4E2}
		{DEFC1D05-E630-4B8A-A65E-3229D4BE5159} = {91165455-3C7C-46D5-9D94-6DC75B8AA4E2}
		{F247D1E6-B811-401C-B94D-F212AED0E20B} = {91165455-3C7C-46D5-9D94-6DC75B8AA4E2}
		{01E0E840-90FF-4A1C-B59B-AF354F8455FF} = {91165455-3C7C-46D5-9D94-6DC75B8AA4E2}
		{6BBAA337-9C9B-42F3-A55A-C8DDD4B3D0FA} = {91165455-3C7C-46D5-9D94-6DC75B8AA4E2}
		{7EFFBFA8-7E95-4A4C-8AF2-929BAE450EF8} = {91165455-3C7C-46D5-9D94-6DC75B8AA4E2}
		{A87059BF-0374-46F8-BD73-8ED972CA80E9} = {91165455-3C7C-46D5-9D94-6DC75B8AA4E2}
		{40C8859F-9DB9-4E71-A629-71E61B5FB3EC} = {91165455-3C7C-46D5-9D94-6DC75B8AA4E2}
		{2240D13B-427E-4474-982A-3D64958D041C} = {91165455-3C7C-46D5-9D94-6DC75B8AA4E2}
		{C507493D-FB7D-4B80-B3BA-AB63462FD7ED} = {91165455-3C7C-46D5-9D94-6DC75B8AA4E2}
		{E20DAE47-7F58-41D4-AE34-0C1E41E7D04F} = {91165455-3C7C-46D5-9D94-6DC75B8AA4E2}
		{83366C15-8FAD-43BD-957F-D71755006B8F} = {91165455-3C7C-46D5-9D94-6DC75B8AA4E2}
		{B83742BE-8146-4770-8B27-572FF4291DB7} = {91165455-3C7C-46D5-9D94-6DC75B8AA4E2}
		{F4DF2B7E-DDB2-4539-B49F-C9EA142083FD} = {91165455-3C7C-46D5-9D94-6DC75B8AA4E2}
		{F98BB579-D015-4173-B685-74899FCF4E5A} = {91165455-3C7C-46D5-9D94-6DC75B8AA4E2}
		{F632867F-0AAD-46DF-A661-93D4ED3E8BAD} = {91165455-3C7C-46D5-9D94-6DC75B8AA4E2}
		{842D1550-8742-41BB-801F-C1FDA7CFF8BD} = {91165455-3C7C-46D5-9D94-6DC75B8AA4E2}
		{664AE0EC-1B69-421E-8EE2-BF567C40280F} = {91165455-3C7C-46D5-9D94-6DC75B8AA4E2}
		{A27423F2-AD74-42CB-B4DB-4873A4EC10D6} = {91165455-3C7C-46D5-9D94-6DC75B8AA4E2}
		{0B44EEFA-8883-4F6F-8D7F-567A3EAB0A26} = {91165455-3C7C-46D5-9D94-6DC75B8AA4E2}
		{67E11CF5-A9AF-4DFB-B806-B9455CFACE1F} = {91165455-3C7C-46D5-9D94-6DC75B8AA4E2}
		{83430CD7-B40E-4753-ADA4-E33DA01E3B43} = {91165455-3C7C-46D5-9D94-6DC75B8AA4E2}
		{349A74E9-5782-4B24-9E13-87FE0FD3361F} = {91165455-3C7C-46D5-9D94-6DC75B8AA4E2}
		{30675F8A-EC8C-4D7F-8847-FEFA6A8EDC62} = {91165455-3C7C-46D5-9D94-6DC75B8AA4E2}
		{F2A95D7D-328D-45A0-AD2F-60061260A2DD} = {91165455-3C7C-46D5-9D94-6DC75B8AA4E2}
		{3EB098A5-E196-47DA-9B1A-9B6DFEF50F34} = {91165455-3C7C-46D5-9D94-6DC75B8AA4E2}
		{2A8C35F1-E97D-4E5E-88D2-4BD3B73BCF84} = {91165455-3C7C-46D5-9D94-6DC75B8AA4E2}
		{EB044615-4C93-4FBD-921A-1A6E9891F4B0} = {91165455-3C7C-46D5-9D94-6DC75B8AA4E2}
		{C4B47D49-0D2E-4E89-8DE5-7508C6E050E4} = {91165455-3C7C-46D5-9D94-6DC75B8AA4E2}
		{43FA94FE-4B17-4C63-AF45-190F3D9AD0F6} = {91165455-3C7C-46D5-9D94-6DC75B8AA4E2}
		{D2D1E5ED-19FB-4C38-A6D5-4778025C81B1} = {91165455-3C7C-46D5-9D94-6DC75B8AA4E2}
		{46787BE3-81BE-4E98-9569-F0F7EDB0FDC0} = {91165455-3C7C-46D5-9D94-6DC75B8AA4E2}
		{F1AE91B8-A2EA-43A2-AAB1-3D8F3C7CE192} = {91165455-3C7C-46D5-9D94-6DC75B8AA4E2}
		{334CB432-97D5-406F-9304-A689D487DAF0} = {91165455-3C7C-46D5-9D94-6DC75B8AA4E2}
		{EFAD1F84-B5BD-45C0-AAE0-2113CA201457} = {91165455-3C7C-46D5-9D94-6DC75B8AA4E2}
		{D5D065A8-7914-4E24-82D8-DB8A9BF5C69F} = {91165455-3C7C-46D5-9D94-6DC75B8AA4E2}
		{4825F9DC-B413-4C02-9145-A1BCC1A53040} = {91165455-3C7C-46D5-9D94-6DC75B8AA4E2}
		{F6B93A92-9D89-40F3-B636-20D3EDF8D5FE} = {91165455-3C7C-46D5-9D94-6DC75B8AA4E2}
		{AB6079D6-B808-435C-B2CC-79280489D639} = {91165455-3C7C-46D5-9D94-6DC75B8AA4E2}
		{FDCFEF55-FF3A-45C9-B5D0-82920E5D9721} = {91165455-3C7C-46D5-9D94-6DC75B8AA4E2}
		{283D6635-6DF5-4711-8499-448CE9614D70} = {91165455-3C7C-46D5-9D94-6DC75B8AA4E2}
		{84B1BA94-FE00-475B-BA6E-BC8E631269F7} = {91165455-3C7C-46D5-9D94-6DC75B8AA4E2}
		{9ED15409-55FF-43C9-90A2-4B31B35DCFCD} = {91165455-3C7C-46D5-9D94-6DC75B8AA4E2}
		{17220987-944D-4254-865C-A7DAB6BDAA2F} = {91165455-3C7C-46D5-9D94-6DC75B8AA4E2}
		{871D6954-7C2A-4ABA-B752-B8D80D830634} = {91165455-3C7C-46D5-9D94-6DC75B8AA4E2}
		{DFA291C9-219B-4EF9-AA09-E18C853168AF} = {91165455-3C7C-46D5-9D94-6DC75B8AA4E2}
		{28CE9B47-BA30-4E80-A926-0B193C4B3662} = {91165455-3C7C-46D5-9D94-6DC75B8AA4E2}
		{36C91EC5-6E6A-4B91-9E05-47DE3025514D} = {91165455-3C7C-46D5-9D94-6DC75B8AA4E2}
		{FE64F4E7-09B9-444F-BFBF-18B405070DE3} = {91165455-3C7C-46D5-9D94-6DC75B8AA4E2}
		{68B0808E-A325-4AE2-82F4-E51E3A4F0A33} = {91165455-3C7C-46D5-9D94-6DC75B8AA4E2}
		{D4B30834-0F0A-4ECB-9C95-E7A2CA6CE116} = {91165455-3C7C-46D5-9D94-6DC75B8AA4E2}
		{B873B117-F52A-4327-ACEC-DD0256D2449B} = {91165455-3C7C-46D5-9D94-6DC75B8AA4E2}
		{2BC9A20B-86F3-41DC-AA26-7BB0BC546132} = {91165455-3C7C-46D5-9D94-6DC75B8AA4E2}
		{8165FBC5-42CF-47B0-A05A-C9E009DEE6C5} = {91165455-3C7C-46D5-9D94-6DC75B8AA4E2}
		{8C9A3743-2887-484C-9BDB-5700D626AAFA} = {91165455-3C7C-46D5-9D94-6DC75B8AA4E2}
		{8CF4B233-B901-4926-9588-3B6A759DB21A} = {91165455-3C7C-46D5-9D94-6DC75B8AA4E2}
		{48C0B5B5-D627-4903-835E-2CBAC607EF4D} = {91165455-3C7C-46D5-9D94-6DC75B8AA4E2}
		{6AB1079C-965C-4C9E-A633-2D7D03D439AD} = {91165455-3C7C-46D5-9D94-6DC75B8AA4E2}
		{E12ABDDE-6642-4030-B25C-BBC4F504D0C4} = {91165455-3C7C-46D5-9D94-6DC75B8AA4E2}
		{721E2BBD-E567-40D4-A69E-F35A6FF5BEA9} = {91165455-3C7C-46D5-9D94-6DC75B8AA4E2}
		{87067B60-74C7-493F-A65D-C1183878536A} = {91165455-3C7C-46D5-9D94-6DC75B8AA4E2}
		{479F401C-0840-4D6E-8652-D0A26B4B464B} = {91165455-3C7C-46D5-9D94-6DC75B8AA4E2}
		{F7AD6428-F950-408C-9BE8-EB506E753A6B} = {91165455-3C7C-46D5-9D94-6DC75B8AA4E2}
		{25DB4AC5-87DE-48BC-96E4-8A12D3CEF491} = {91165455-3C7C-46D5-9D94-6DC75B8AA4E2}
		{820D2706-2899-442C-A033-D996E407712E} = {91165455-3C7C-46D5-9D94-6DC75B8AA4E2}
		{332E16D7-54A8-475F-B3F2-7672B74D4F29} = {91165455-3C7C-46D5-9D94-6DC75B8AA4E2}
		{5DCD9C39-9105-4A57-B1ED-6DE70C360BD9} = {91165455-3C7C-46D5-9D94-6DC75B8AA4E2}
		{FC2DCB8B-2C1B-4909-AFC1-D3AE0F1DF3BD} = {91165455-3C7C-46D5-9D94-6DC75B8AA4E2}
		{08A07903-818D-4EDB-A597-F01E65C5C0A5} = {91165455-3C7C-46D5-9D94-6DC75B8AA4E2}
		{DCB611E7-8AC3-4EB2-96F4-F90EA0227121} = {91165455-3C7C-46D5-9D94-6DC75B8AA4E2}
		{C0FE9F23-CCE8-4E4C-9E3A-AEECA605E889} = {91165455-3C7C-46D5-9D94-6DC75B8AA4E2}
		{C8A068C0-61DE-42FC-AC6E-F869ABA65CC5} = {91165455-3C7C-46D5-9D94-6DC75B8AA4E2}
		{06335AA6-4237-49BC-BDED-B05233ADD6AF} = {91165455-3C7C-46D5-9D94-6DC75B8AA4E2}
		{2C8B8FED-57C4-40A2-835B-85E686D9349D} = {91165455-3C7C-46D5-9D94-6DC75B8AA4E2}
		{36CE13EE-15C6-40D7-A59A-C862454DB9FC} = {91165455-3C7C-46D5-9D94-6DC75B8AA4E2}
		{91D33C60-B283-49F0-86E1-8450A2961AFB} = {91165455-3C7C-46D5-9D94-6DC75B8AA4E2}
		{1A48C09A-4AE0-4A1C-866A-B0EFD787B6A0} = {91165455-3C7C-46D5-9D94-6DC75B8AA4E2}
		{535C0718-17ED-4F6B-A2F4-394D5D090CCE} = {91165455-3C7C-46D5-9D94-6DC75B8AA4E2}
		{DEBBD8E2-B22D-4C99-80C6-102EB04BD313} = {91165455-3C7C-46D5-9D94-6DC75B8AA4E2}
	EndGlobalSection
	GlobalSection(SolutionConfigurationPlatforms) = preSolution
		Debug|Any CPU = Debug|Any CPU
		Release|Any CPU = Release|Any CPU
	EndGlobalSection
	GlobalSection(ProjectConfigurationPlatforms) = postSolution
		{74F07986-8449-4448-B4C9-226539511246}.Debug|Any CPU.ActiveCfg = Debug|Any CPU
		{74F07986-8449-4448-B4C9-226539511246}.Debug|Any CPU.Build.0 = Debug|Any CPU
		{74F07986-8449-4448-B4C9-226539511246}.Release|Any CPU.ActiveCfg = Release|Any CPU
		{74F07986-8449-4448-B4C9-226539511246}.Release|Any CPU.Build.0 = Release|Any CPU
		{6BFFA342-7355-4D48-A764-96F6F004AB22}.Debug|Any CPU.ActiveCfg = Debug|Any CPU
		{6BFFA342-7355-4D48-A764-96F6F004AB22}.Debug|Any CPU.Build.0 = Debug|Any CPU
		{6BFFA342-7355-4D48-A764-96F6F004AB22}.Release|Any CPU.ActiveCfg = Release|Any CPU
		{6BFFA342-7355-4D48-A764-96F6F004AB22}.Release|Any CPU.Build.0 = Release|Any CPU
		{7C771756-33B3-4215-84D7-BD12C7BBB99A}.Debug|Any CPU.ActiveCfg = Debug|Any CPU
		{7C771756-33B3-4215-84D7-BD12C7BBB99A}.Debug|Any CPU.Build.0 = Debug|Any CPU
		{7C771756-33B3-4215-84D7-BD12C7BBB99A}.Release|Any CPU.ActiveCfg = Release|Any CPU
		{7C771756-33B3-4215-84D7-BD12C7BBB99A}.Release|Any CPU.Build.0 = Release|Any CPU
		{BF9CD717-6ABD-449B-96FF-2A5519B76051}.Debug|Any CPU.ActiveCfg = Debug|Any CPU
		{BF9CD717-6ABD-449B-96FF-2A5519B76051}.Debug|Any CPU.Build.0 = Debug|Any CPU
		{BF9CD717-6ABD-449B-96FF-2A5519B76051}.Release|Any CPU.ActiveCfg = Release|Any CPU
		{BF9CD717-6ABD-449B-96FF-2A5519B76051}.Release|Any CPU.Build.0 = Release|Any CPU
		{2A9F109F-8D6D-46DE-A06E-0738577B8AB6}.Debug|Any CPU.ActiveCfg = Debug|Any CPU
		{2A9F109F-8D6D-46DE-A06E-0738577B8AB6}.Debug|Any CPU.Build.0 = Debug|Any CPU
		{2A9F109F-8D6D-46DE-A06E-0738577B8AB6}.Release|Any CPU.ActiveCfg = Release|Any CPU
		{2A9F109F-8D6D-46DE-A06E-0738577B8AB6}.Release|Any CPU.Build.0 = Release|Any CPU
		{A25A5E99-7836-4E8D-A973-86B278B6BC25}.Debug|Any CPU.ActiveCfg = Debug|Any CPU
		{A25A5E99-7836-4E8D-A973-86B278B6BC25}.Debug|Any CPU.Build.0 = Debug|Any CPU
		{A25A5E99-7836-4E8D-A973-86B278B6BC25}.Release|Any CPU.ActiveCfg = Release|Any CPU
		{A25A5E99-7836-4E8D-A973-86B278B6BC25}.Release|Any CPU.Build.0 = Release|Any CPU
		{3C7FE6BA-4ADE-4899-80F3-30598F9468FA}.Debug|Any CPU.ActiveCfg = Debug|Any CPU
		{3C7FE6BA-4ADE-4899-80F3-30598F9468FA}.Debug|Any CPU.Build.0 = Debug|Any CPU
		{3C7FE6BA-4ADE-4899-80F3-30598F9468FA}.Release|Any CPU.ActiveCfg = Release|Any CPU
		{3C7FE6BA-4ADE-4899-80F3-30598F9468FA}.Release|Any CPU.Build.0 = Release|Any CPU
		{96E44E33-DF43-4F70-9146-D26796248305}.Debug|Any CPU.ActiveCfg = Debug|Any CPU
		{96E44E33-DF43-4F70-9146-D26796248305}.Debug|Any CPU.Build.0 = Debug|Any CPU
		{96E44E33-DF43-4F70-9146-D26796248305}.Release|Any CPU.ActiveCfg = Release|Any CPU
		{96E44E33-DF43-4F70-9146-D26796248305}.Release|Any CPU.Build.0 = Release|Any CPU
		{8FB9DE3A-5C0B-42CA-872A-9E7B73F44F7E}.Debug|Any CPU.ActiveCfg = Debug|Any CPU
		{8FB9DE3A-5C0B-42CA-872A-9E7B73F44F7E}.Debug|Any CPU.Build.0 = Debug|Any CPU
		{8FB9DE3A-5C0B-42CA-872A-9E7B73F44F7E}.Release|Any CPU.ActiveCfg = Release|Any CPU
		{8FB9DE3A-5C0B-42CA-872A-9E7B73F44F7E}.Release|Any CPU.Build.0 = Release|Any CPU
		{92C212A3-6945-4572-A934-45A0FD52E80A}.Debug|Any CPU.ActiveCfg = Debug|Any CPU
		{92C212A3-6945-4572-A934-45A0FD52E80A}.Debug|Any CPU.Build.0 = Debug|Any CPU
		{92C212A3-6945-4572-A934-45A0FD52E80A}.Release|Any CPU.ActiveCfg = Release|Any CPU
		{92C212A3-6945-4572-A934-45A0FD52E80A}.Release|Any CPU.Build.0 = Release|Any CPU
		{196E8D54-BEAA-4BE2-9845-DD3ED49B3FDC}.Debug|Any CPU.ActiveCfg = Debug|Any CPU
		{196E8D54-BEAA-4BE2-9845-DD3ED49B3FDC}.Debug|Any CPU.Build.0 = Debug|Any CPU
		{196E8D54-BEAA-4BE2-9845-DD3ED49B3FDC}.Release|Any CPU.ActiveCfg = Release|Any CPU
		{196E8D54-BEAA-4BE2-9845-DD3ED49B3FDC}.Release|Any CPU.Build.0 = Release|Any CPU
		{B5FF9CF8-D2C5-4D95-930C-905F63B4E7C6}.Debug|Any CPU.ActiveCfg = Debug|Any CPU
		{B5FF9CF8-D2C5-4D95-930C-905F63B4E7C6}.Debug|Any CPU.Build.0 = Debug|Any CPU
		{B5FF9CF8-D2C5-4D95-930C-905F63B4E7C6}.Release|Any CPU.ActiveCfg = Release|Any CPU
		{B5FF9CF8-D2C5-4D95-930C-905F63B4E7C6}.Release|Any CPU.Build.0 = Release|Any CPU
		{BAD5A52C-ADC6-4DB6-8767-0F373CF94EBE}.Debug|Any CPU.ActiveCfg = Debug|Any CPU
		{BAD5A52C-ADC6-4DB6-8767-0F373CF94EBE}.Debug|Any CPU.Build.0 = Debug|Any CPU
		{BAD5A52C-ADC6-4DB6-8767-0F373CF94EBE}.Release|Any CPU.ActiveCfg = Release|Any CPU
		{BAD5A52C-ADC6-4DB6-8767-0F373CF94EBE}.Release|Any CPU.Build.0 = Release|Any CPU
		{3038D882-8F8D-42BF-8E9E-E6A378A73B53}.Debug|Any CPU.ActiveCfg = Debug|Any CPU
		{3038D882-8F8D-42BF-8E9E-E6A378A73B53}.Debug|Any CPU.Build.0 = Debug|Any CPU
		{3038D882-8F8D-42BF-8E9E-E6A378A73B53}.Release|Any CPU.ActiveCfg = Release|Any CPU
		{3038D882-8F8D-42BF-8E9E-E6A378A73B53}.Release|Any CPU.Build.0 = Release|Any CPU
		{89AD85AE-49E1-4E5C-B20D-CABC6417B934}.Debug|Any CPU.ActiveCfg = Debug|Any CPU
		{89AD85AE-49E1-4E5C-B20D-CABC6417B934}.Debug|Any CPU.Build.0 = Debug|Any CPU
		{89AD85AE-49E1-4E5C-B20D-CABC6417B934}.Release|Any CPU.ActiveCfg = Release|Any CPU
		{89AD85AE-49E1-4E5C-B20D-CABC6417B934}.Release|Any CPU.Build.0 = Release|Any CPU
		{3C67F39E-F7E4-4E17-B4A6-CC6C0BB5847F}.Debug|Any CPU.ActiveCfg = Debug|Any CPU
		{3C67F39E-F7E4-4E17-B4A6-CC6C0BB5847F}.Debug|Any CPU.Build.0 = Debug|Any CPU
		{3C67F39E-F7E4-4E17-B4A6-CC6C0BB5847F}.Release|Any CPU.ActiveCfg = Release|Any CPU
		{3C67F39E-F7E4-4E17-B4A6-CC6C0BB5847F}.Release|Any CPU.Build.0 = Release|Any CPU
		{BFA5ED83-479E-4A73-A63B-C60C452C43DE}.Debug|Any CPU.ActiveCfg = Debug|Any CPU
		{BFA5ED83-479E-4A73-A63B-C60C452C43DE}.Debug|Any CPU.Build.0 = Debug|Any CPU
		{BFA5ED83-479E-4A73-A63B-C60C452C43DE}.Release|Any CPU.ActiveCfg = Release|Any CPU
		{BFA5ED83-479E-4A73-A63B-C60C452C43DE}.Release|Any CPU.Build.0 = Release|Any CPU
		{F13310AF-93E4-4847-A06A-01930B0A6A52}.Debug|Any CPU.ActiveCfg = Debug|Any CPU
		{F13310AF-93E4-4847-A06A-01930B0A6A52}.Debug|Any CPU.Build.0 = Debug|Any CPU
		{F13310AF-93E4-4847-A06A-01930B0A6A52}.Release|Any CPU.ActiveCfg = Release|Any CPU
		{F13310AF-93E4-4847-A06A-01930B0A6A52}.Release|Any CPU.Build.0 = Release|Any CPU
		{0F60FBE3-4CFD-470A-8876-2E07F82F0E56}.Debug|Any CPU.ActiveCfg = Debug|Any CPU
		{0F60FBE3-4CFD-470A-8876-2E07F82F0E56}.Debug|Any CPU.Build.0 = Debug|Any CPU
		{0F60FBE3-4CFD-470A-8876-2E07F82F0E56}.Release|Any CPU.ActiveCfg = Release|Any CPU
		{0F60FBE3-4CFD-470A-8876-2E07F82F0E56}.Release|Any CPU.Build.0 = Release|Any CPU
		{81C2C69E-1711-40A8-9822-02A1931BC5CE}.Debug|Any CPU.ActiveCfg = Debug|Any CPU
		{81C2C69E-1711-40A8-9822-02A1931BC5CE}.Debug|Any CPU.Build.0 = Debug|Any CPU
		{81C2C69E-1711-40A8-9822-02A1931BC5CE}.Release|Any CPU.ActiveCfg = Release|Any CPU
		{81C2C69E-1711-40A8-9822-02A1931BC5CE}.Release|Any CPU.Build.0 = Release|Any CPU
		{BC8D7804-9344-46BE-BC0E-7965654631C8}.Debug|Any CPU.ActiveCfg = Debug|Any CPU
		{BC8D7804-9344-46BE-BC0E-7965654631C8}.Debug|Any CPU.Build.0 = Debug|Any CPU
		{BC8D7804-9344-46BE-BC0E-7965654631C8}.Release|Any CPU.ActiveCfg = Release|Any CPU
		{BC8D7804-9344-46BE-BC0E-7965654631C8}.Release|Any CPU.Build.0 = Release|Any CPU
		{A2E29714-ED33-4274-9043-8A744FC01132}.Debug|Any CPU.ActiveCfg = Debug|Any CPU
		{A2E29714-ED33-4274-9043-8A744FC01132}.Debug|Any CPU.Build.0 = Debug|Any CPU
		{A2E29714-ED33-4274-9043-8A744FC01132}.Release|Any CPU.ActiveCfg = Release|Any CPU
		{A2E29714-ED33-4274-9043-8A744FC01132}.Release|Any CPU.Build.0 = Release|Any CPU
		{588EB7B9-C6A3-4900-B220-E3CAC64707F3}.Debug|Any CPU.ActiveCfg = Debug|Any CPU
		{588EB7B9-C6A3-4900-B220-E3CAC64707F3}.Debug|Any CPU.Build.0 = Debug|Any CPU
		{588EB7B9-C6A3-4900-B220-E3CAC64707F3}.Release|Any CPU.ActiveCfg = Release|Any CPU
		{588EB7B9-C6A3-4900-B220-E3CAC64707F3}.Release|Any CPU.Build.0 = Release|Any CPU
		{BBD16865-E6CA-4387-A84D-F2C60479B19D}.Debug|Any CPU.ActiveCfg = Debug|Any CPU
		{BBD16865-E6CA-4387-A84D-F2C60479B19D}.Debug|Any CPU.Build.0 = Debug|Any CPU
		{BBD16865-E6CA-4387-A84D-F2C60479B19D}.Release|Any CPU.ActiveCfg = Release|Any CPU
		{BBD16865-E6CA-4387-A84D-F2C60479B19D}.Release|Any CPU.Build.0 = Release|Any CPU
		{6179A9DA-0F77-4D6F-BB3D-E97C2C05881F}.Debug|Any CPU.ActiveCfg = Debug|Any CPU
		{6179A9DA-0F77-4D6F-BB3D-E97C2C05881F}.Debug|Any CPU.Build.0 = Debug|Any CPU
		{6179A9DA-0F77-4D6F-BB3D-E97C2C05881F}.Release|Any CPU.ActiveCfg = Release|Any CPU
		{6179A9DA-0F77-4D6F-BB3D-E97C2C05881F}.Release|Any CPU.Build.0 = Release|Any CPU
		{5951F4A3-EADE-4BE2-B6D4-4ABA018E9A06}.Debug|Any CPU.ActiveCfg = Debug|Any CPU
		{5951F4A3-EADE-4BE2-B6D4-4ABA018E9A06}.Debug|Any CPU.Build.0 = Debug|Any CPU
		{5951F4A3-EADE-4BE2-B6D4-4ABA018E9A06}.Release|Any CPU.ActiveCfg = Release|Any CPU
		{5951F4A3-EADE-4BE2-B6D4-4ABA018E9A06}.Release|Any CPU.Build.0 = Release|Any CPU
		{022B1C78-A11F-47C0-B5FC-2AA5266420F5}.Debug|Any CPU.ActiveCfg = Debug|Any CPU
		{022B1C78-A11F-47C0-B5FC-2AA5266420F5}.Debug|Any CPU.Build.0 = Debug|Any CPU
		{022B1C78-A11F-47C0-B5FC-2AA5266420F5}.Release|Any CPU.ActiveCfg = Release|Any CPU
		{022B1C78-A11F-47C0-B5FC-2AA5266420F5}.Release|Any CPU.Build.0 = Release|Any CPU
		{45AB9966-3603-46AF-811B-AE4A3FC33F31}.Debug|Any CPU.ActiveCfg = Debug|Any CPU
		{45AB9966-3603-46AF-811B-AE4A3FC33F31}.Debug|Any CPU.Build.0 = Debug|Any CPU
		{45AB9966-3603-46AF-811B-AE4A3FC33F31}.Release|Any CPU.ActiveCfg = Release|Any CPU
		{45AB9966-3603-46AF-811B-AE4A3FC33F31}.Release|Any CPU.Build.0 = Release|Any CPU
		{8FEC7C02-63B0-49EF-8858-6DBC8E203B96}.Debug|Any CPU.ActiveCfg = Debug|Any CPU
		{8FEC7C02-63B0-49EF-8858-6DBC8E203B96}.Debug|Any CPU.Build.0 = Debug|Any CPU
		{8FEC7C02-63B0-49EF-8858-6DBC8E203B96}.Release|Any CPU.ActiveCfg = Release|Any CPU
		{8FEC7C02-63B0-49EF-8858-6DBC8E203B96}.Release|Any CPU.Build.0 = Release|Any CPU
		{C465CD02-629B-4C3E-90B0-5E1A093601FF}.Debug|Any CPU.ActiveCfg = Debug|Any CPU
		{C465CD02-629B-4C3E-90B0-5E1A093601FF}.Debug|Any CPU.Build.0 = Debug|Any CPU
		{C465CD02-629B-4C3E-90B0-5E1A093601FF}.Release|Any CPU.ActiveCfg = Release|Any CPU
		{C465CD02-629B-4C3E-90B0-5E1A093601FF}.Release|Any CPU.Build.0 = Release|Any CPU
		{AE01A78F-6E95-4AF4-961D-0AE901C3717F}.Debug|Any CPU.ActiveCfg = Debug|Any CPU
		{AE01A78F-6E95-4AF4-961D-0AE901C3717F}.Debug|Any CPU.Build.0 = Debug|Any CPU
		{AE01A78F-6E95-4AF4-961D-0AE901C3717F}.Release|Any CPU.ActiveCfg = Release|Any CPU
		{AE01A78F-6E95-4AF4-961D-0AE901C3717F}.Release|Any CPU.Build.0 = Release|Any CPU
		{08212725-0AE4-44C2-8F3D-DEEDD36411F3}.Debug|Any CPU.ActiveCfg = Debug|Any CPU
		{08212725-0AE4-44C2-8F3D-DEEDD36411F3}.Debug|Any CPU.Build.0 = Debug|Any CPU
		{08212725-0AE4-44C2-8F3D-DEEDD36411F3}.Release|Any CPU.ActiveCfg = Release|Any CPU
		{08212725-0AE4-44C2-8F3D-DEEDD36411F3}.Release|Any CPU.Build.0 = Release|Any CPU
		{622ABF9F-95B5-4A78-95D3-9191E4DC3D1E}.Debug|Any CPU.ActiveCfg = Debug|Any CPU
		{622ABF9F-95B5-4A78-95D3-9191E4DC3D1E}.Debug|Any CPU.Build.0 = Debug|Any CPU
		{622ABF9F-95B5-4A78-95D3-9191E4DC3D1E}.Release|Any CPU.ActiveCfg = Release|Any CPU
		{622ABF9F-95B5-4A78-95D3-9191E4DC3D1E}.Release|Any CPU.Build.0 = Release|Any CPU
		{F71E8F2D-B46C-41D5-8F87-15FB77A4BA12}.Debug|Any CPU.ActiveCfg = Debug|Any CPU
		{F71E8F2D-B46C-41D5-8F87-15FB77A4BA12}.Debug|Any CPU.Build.0 = Debug|Any CPU
		{F71E8F2D-B46C-41D5-8F87-15FB77A4BA12}.Release|Any CPU.ActiveCfg = Release|Any CPU
		{F71E8F2D-B46C-41D5-8F87-15FB77A4BA12}.Release|Any CPU.Build.0 = Release|Any CPU
		{327083D0-8F39-4472-929F-7D5B8B88A465}.Debug|Any CPU.ActiveCfg = Debug|Any CPU
		{327083D0-8F39-4472-929F-7D5B8B88A465}.Debug|Any CPU.Build.0 = Debug|Any CPU
		{327083D0-8F39-4472-929F-7D5B8B88A465}.Release|Any CPU.ActiveCfg = Release|Any CPU
		{327083D0-8F39-4472-929F-7D5B8B88A465}.Release|Any CPU.Build.0 = Release|Any CPU
		{5990316E-28E6-4A1F-90D5-0FCFD3C8BC2B}.Debug|Any CPU.ActiveCfg = Debug|Any CPU
		{5990316E-28E6-4A1F-90D5-0FCFD3C8BC2B}.Debug|Any CPU.Build.0 = Debug|Any CPU
		{5990316E-28E6-4A1F-90D5-0FCFD3C8BC2B}.Release|Any CPU.ActiveCfg = Release|Any CPU
		{5990316E-28E6-4A1F-90D5-0FCFD3C8BC2B}.Release|Any CPU.Build.0 = Release|Any CPU
		{17624716-309B-463E-872B-105A9F66AA25}.Debug|Any CPU.ActiveCfg = Debug|Any CPU
		{17624716-309B-463E-872B-105A9F66AA25}.Debug|Any CPU.Build.0 = Debug|Any CPU
		{17624716-309B-463E-872B-105A9F66AA25}.Release|Any CPU.ActiveCfg = Release|Any CPU
		{17624716-309B-463E-872B-105A9F66AA25}.Release|Any CPU.Build.0 = Release|Any CPU
		{48C4A3DF-A956-475C-9CC7-145D488B66F9}.Debug|Any CPU.ActiveCfg = Debug|Any CPU
		{48C4A3DF-A956-475C-9CC7-145D488B66F9}.Debug|Any CPU.Build.0 = Debug|Any CPU
		{48C4A3DF-A956-475C-9CC7-145D488B66F9}.Release|Any CPU.ActiveCfg = Release|Any CPU
		{48C4A3DF-A956-475C-9CC7-145D488B66F9}.Release|Any CPU.Build.0 = Release|Any CPU
		{08CBB32C-4E10-4FF9-81DD-11D89B42C60C}.Debug|Any CPU.ActiveCfg = Debug|Any CPU
		{08CBB32C-4E10-4FF9-81DD-11D89B42C60C}.Debug|Any CPU.Build.0 = Debug|Any CPU
		{08CBB32C-4E10-4FF9-81DD-11D89B42C60C}.Release|Any CPU.ActiveCfg = Release|Any CPU
		{08CBB32C-4E10-4FF9-81DD-11D89B42C60C}.Release|Any CPU.Build.0 = Release|Any CPU
		{A03D69D9-4117-429C-A407-898E77061CCE}.Debug|Any CPU.ActiveCfg = Debug|Any CPU
		{A03D69D9-4117-429C-A407-898E77061CCE}.Debug|Any CPU.Build.0 = Debug|Any CPU
		{A03D69D9-4117-429C-A407-898E77061CCE}.Release|Any CPU.ActiveCfg = Release|Any CPU
		{A03D69D9-4117-429C-A407-898E77061CCE}.Release|Any CPU.Build.0 = Release|Any CPU
		{074DCB23-87D8-4B7F-8973-7BA8B793099B}.Debug|Any CPU.ActiveCfg = Debug|Any CPU
		{074DCB23-87D8-4B7F-8973-7BA8B793099B}.Debug|Any CPU.Build.0 = Debug|Any CPU
		{074DCB23-87D8-4B7F-8973-7BA8B793099B}.Release|Any CPU.ActiveCfg = Release|Any CPU
		{074DCB23-87D8-4B7F-8973-7BA8B793099B}.Release|Any CPU.Build.0 = Release|Any CPU
		{C41C201B-C6C2-471C-B56F-3A091ED85D6B}.Debug|Any CPU.ActiveCfg = Debug|Any CPU
		{C41C201B-C6C2-471C-B56F-3A091ED85D6B}.Debug|Any CPU.Build.0 = Debug|Any CPU
		{C41C201B-C6C2-471C-B56F-3A091ED85D6B}.Release|Any CPU.ActiveCfg = Release|Any CPU
		{C41C201B-C6C2-471C-B56F-3A091ED85D6B}.Release|Any CPU.Build.0 = Release|Any CPU
		{7FF636B2-39E1-49F5-920D-08282FD5B2D7}.Debug|Any CPU.ActiveCfg = Debug|Any CPU
		{7FF636B2-39E1-49F5-920D-08282FD5B2D7}.Debug|Any CPU.Build.0 = Debug|Any CPU
		{7FF636B2-39E1-49F5-920D-08282FD5B2D7}.Release|Any CPU.ActiveCfg = Release|Any CPU
		{7FF636B2-39E1-49F5-920D-08282FD5B2D7}.Release|Any CPU.Build.0 = Release|Any CPU
		{0883E146-CA7E-430E-A194-87336D4A332B}.Debug|Any CPU.ActiveCfg = Debug|Any CPU
		{0883E146-CA7E-430E-A194-87336D4A332B}.Debug|Any CPU.Build.0 = Debug|Any CPU
		{0883E146-CA7E-430E-A194-87336D4A332B}.Release|Any CPU.ActiveCfg = Release|Any CPU
		{0883E146-CA7E-430E-A194-87336D4A332B}.Release|Any CPU.Build.0 = Release|Any CPU
		{300704D4-A20E-4289-8035-C58FEBB40F1E}.Debug|Any CPU.ActiveCfg = Debug|Any CPU
		{300704D4-A20E-4289-8035-C58FEBB40F1E}.Debug|Any CPU.Build.0 = Debug|Any CPU
		{300704D4-A20E-4289-8035-C58FEBB40F1E}.Release|Any CPU.ActiveCfg = Release|Any CPU
		{300704D4-A20E-4289-8035-C58FEBB40F1E}.Release|Any CPU.Build.0 = Release|Any CPU
		{3B57FB79-C0F6-4EE3-B692-AE74D3CBCEA8}.Debug|Any CPU.ActiveCfg = Debug|Any CPU
		{3B57FB79-C0F6-4EE3-B692-AE74D3CBCEA8}.Debug|Any CPU.Build.0 = Debug|Any CPU
		{3B57FB79-C0F6-4EE3-B692-AE74D3CBCEA8}.Release|Any CPU.ActiveCfg = Release|Any CPU
		{3B57FB79-C0F6-4EE3-B692-AE74D3CBCEA8}.Release|Any CPU.Build.0 = Release|Any CPU
		{86E934E6-700E-4A8A-AA7C-EA6E19D8B06A}.Debug|Any CPU.ActiveCfg = Debug|Any CPU
		{86E934E6-700E-4A8A-AA7C-EA6E19D8B06A}.Debug|Any CPU.Build.0 = Debug|Any CPU
		{86E934E6-700E-4A8A-AA7C-EA6E19D8B06A}.Release|Any CPU.ActiveCfg = Release|Any CPU
		{86E934E6-700E-4A8A-AA7C-EA6E19D8B06A}.Release|Any CPU.Build.0 = Release|Any CPU
		{ADDE505C-5583-4941-AB36-2348F6A6176C}.Debug|Any CPU.ActiveCfg = Debug|Any CPU
		{ADDE505C-5583-4941-AB36-2348F6A6176C}.Debug|Any CPU.Build.0 = Debug|Any CPU
		{ADDE505C-5583-4941-AB36-2348F6A6176C}.Release|Any CPU.ActiveCfg = Release|Any CPU
		{ADDE505C-5583-4941-AB36-2348F6A6176C}.Release|Any CPU.Build.0 = Release|Any CPU
		{04271DFC-3219-4C29-A712-B1EC2FF47BCF}.Debug|Any CPU.ActiveCfg = Debug|Any CPU
		{04271DFC-3219-4C29-A712-B1EC2FF47BCF}.Debug|Any CPU.Build.0 = Debug|Any CPU
		{04271DFC-3219-4C29-A712-B1EC2FF47BCF}.Release|Any CPU.ActiveCfg = Release|Any CPU
		{04271DFC-3219-4C29-A712-B1EC2FF47BCF}.Release|Any CPU.Build.0 = Release|Any CPU
		{C126DDC6-0D6F-478C-8E0C-3FE3C505C252}.Debug|Any CPU.ActiveCfg = Debug|Any CPU
		{C126DDC6-0D6F-478C-8E0C-3FE3C505C252}.Debug|Any CPU.Build.0 = Debug|Any CPU
		{C126DDC6-0D6F-478C-8E0C-3FE3C505C252}.Release|Any CPU.ActiveCfg = Release|Any CPU
		{C126DDC6-0D6F-478C-8E0C-3FE3C505C252}.Release|Any CPU.Build.0 = Release|Any CPU
		{523BA24E-7280-40F2-9AA0-33C5E0139787}.Debug|Any CPU.ActiveCfg = Debug|Any CPU
		{523BA24E-7280-40F2-9AA0-33C5E0139787}.Debug|Any CPU.Build.0 = Debug|Any CPU
		{523BA24E-7280-40F2-9AA0-33C5E0139787}.Release|Any CPU.ActiveCfg = Release|Any CPU
		{523BA24E-7280-40F2-9AA0-33C5E0139787}.Release|Any CPU.Build.0 = Release|Any CPU
		{13DD3CD5-B5F9-4296-BA35-8C7CB990CA91}.Debug|Any CPU.ActiveCfg = Debug|Any CPU
		{13DD3CD5-B5F9-4296-BA35-8C7CB990CA91}.Debug|Any CPU.Build.0 = Debug|Any CPU
		{13DD3CD5-B5F9-4296-BA35-8C7CB990CA91}.Release|Any CPU.ActiveCfg = Release|Any CPU
		{13DD3CD5-B5F9-4296-BA35-8C7CB990CA91}.Release|Any CPU.Build.0 = Release|Any CPU
		{DEFC1D05-E630-4B8A-A65E-3229D4BE5159}.Debug|Any CPU.ActiveCfg = Debug|Any CPU
		{DEFC1D05-E630-4B8A-A65E-3229D4BE5159}.Debug|Any CPU.Build.0 = Debug|Any CPU
		{DEFC1D05-E630-4B8A-A65E-3229D4BE5159}.Release|Any CPU.ActiveCfg = Release|Any CPU
		{DEFC1D05-E630-4B8A-A65E-3229D4BE5159}.Release|Any CPU.Build.0 = Release|Any CPU
		{F247D1E6-B811-401C-B94D-F212AED0E20B}.Debug|Any CPU.ActiveCfg = Debug|Any CPU
		{F247D1E6-B811-401C-B94D-F212AED0E20B}.Debug|Any CPU.Build.0 = Debug|Any CPU
		{F247D1E6-B811-401C-B94D-F212AED0E20B}.Release|Any CPU.ActiveCfg = Release|Any CPU
		{F247D1E6-B811-401C-B94D-F212AED0E20B}.Release|Any CPU.Build.0 = Release|Any CPU
		{01E0E840-90FF-4A1C-B59B-AF354F8455FF}.Debug|Any CPU.ActiveCfg = Debug|Any CPU
		{01E0E840-90FF-4A1C-B59B-AF354F8455FF}.Debug|Any CPU.Build.0 = Debug|Any CPU
		{01E0E840-90FF-4A1C-B59B-AF354F8455FF}.Release|Any CPU.ActiveCfg = Release|Any CPU
		{01E0E840-90FF-4A1C-B59B-AF354F8455FF}.Release|Any CPU.Build.0 = Release|Any CPU
		{6BBAA337-9C9B-42F3-A55A-C8DDD4B3D0FA}.Debug|Any CPU.ActiveCfg = Debug|Any CPU
		{6BBAA337-9C9B-42F3-A55A-C8DDD4B3D0FA}.Debug|Any CPU.Build.0 = Debug|Any CPU
		{6BBAA337-9C9B-42F3-A55A-C8DDD4B3D0FA}.Release|Any CPU.ActiveCfg = Release|Any CPU
		{6BBAA337-9C9B-42F3-A55A-C8DDD4B3D0FA}.Release|Any CPU.Build.0 = Release|Any CPU
		{7EFFBFA8-7E95-4A4C-8AF2-929BAE450EF8}.Debug|Any CPU.ActiveCfg = Debug|Any CPU
		{7EFFBFA8-7E95-4A4C-8AF2-929BAE450EF8}.Debug|Any CPU.Build.0 = Debug|Any CPU
		{7EFFBFA8-7E95-4A4C-8AF2-929BAE450EF8}.Release|Any CPU.ActiveCfg = Release|Any CPU
		{7EFFBFA8-7E95-4A4C-8AF2-929BAE450EF8}.Release|Any CPU.Build.0 = Release|Any CPU
		{A87059BF-0374-46F8-BD73-8ED972CA80E9}.Debug|Any CPU.ActiveCfg = Debug|Any CPU
		{A87059BF-0374-46F8-BD73-8ED972CA80E9}.Debug|Any CPU.Build.0 = Debug|Any CPU
		{A87059BF-0374-46F8-BD73-8ED972CA80E9}.Release|Any CPU.ActiveCfg = Release|Any CPU
		{A87059BF-0374-46F8-BD73-8ED972CA80E9}.Release|Any CPU.Build.0 = Release|Any CPU
		{40C8859F-9DB9-4E71-A629-71E61B5FB3EC}.Debug|Any CPU.ActiveCfg = Debug|Any CPU
		{40C8859F-9DB9-4E71-A629-71E61B5FB3EC}.Debug|Any CPU.Build.0 = Debug|Any CPU
		{40C8859F-9DB9-4E71-A629-71E61B5FB3EC}.Release|Any CPU.ActiveCfg = Release|Any CPU
		{40C8859F-9DB9-4E71-A629-71E61B5FB3EC}.Release|Any CPU.Build.0 = Release|Any CPU
		{2240D13B-427E-4474-982A-3D64958D041C}.Debug|Any CPU.ActiveCfg = Debug|Any CPU
		{2240D13B-427E-4474-982A-3D64958D041C}.Debug|Any CPU.Build.0 = Debug|Any CPU
		{2240D13B-427E-4474-982A-3D64958D041C}.Release|Any CPU.ActiveCfg = Release|Any CPU
		{2240D13B-427E-4474-982A-3D64958D041C}.Release|Any CPU.Build.0 = Release|Any CPU
		{C507493D-FB7D-4B80-B3BA-AB63462FD7ED}.Debug|Any CPU.ActiveCfg = Debug|Any CPU
		{C507493D-FB7D-4B80-B3BA-AB63462FD7ED}.Debug|Any CPU.Build.0 = Debug|Any CPU
		{C507493D-FB7D-4B80-B3BA-AB63462FD7ED}.Release|Any CPU.ActiveCfg = Release|Any CPU
		{C507493D-FB7D-4B80-B3BA-AB63462FD7ED}.Release|Any CPU.Build.0 = Release|Any CPU
		{E20DAE47-7F58-41D4-AE34-0C1E41E7D04F}.Debug|Any CPU.ActiveCfg = Debug|Any CPU
		{E20DAE47-7F58-41D4-AE34-0C1E41E7D04F}.Debug|Any CPU.Build.0 = Debug|Any CPU
		{E20DAE47-7F58-41D4-AE34-0C1E41E7D04F}.Release|Any CPU.ActiveCfg = Release|Any CPU
		{E20DAE47-7F58-41D4-AE34-0C1E41E7D04F}.Release|Any CPU.Build.0 = Release|Any CPU
		{83366C15-8FAD-43BD-957F-D71755006B8F}.Debug|Any CPU.ActiveCfg = Debug|Any CPU
		{83366C15-8FAD-43BD-957F-D71755006B8F}.Debug|Any CPU.Build.0 = Debug|Any CPU
		{83366C15-8FAD-43BD-957F-D71755006B8F}.Release|Any CPU.ActiveCfg = Release|Any CPU
		{83366C15-8FAD-43BD-957F-D71755006B8F}.Release|Any CPU.Build.0 = Release|Any CPU
		{B83742BE-8146-4770-8B27-572FF4291DB7}.Debug|Any CPU.ActiveCfg = Debug|Any CPU
		{B83742BE-8146-4770-8B27-572FF4291DB7}.Debug|Any CPU.Build.0 = Debug|Any CPU
		{B83742BE-8146-4770-8B27-572FF4291DB7}.Release|Any CPU.ActiveCfg = Release|Any CPU
		{B83742BE-8146-4770-8B27-572FF4291DB7}.Release|Any CPU.Build.0 = Release|Any CPU
		{F4DF2B7E-DDB2-4539-B49F-C9EA142083FD}.Debug|Any CPU.ActiveCfg = Debug|Any CPU
		{F4DF2B7E-DDB2-4539-B49F-C9EA142083FD}.Debug|Any CPU.Build.0 = Debug|Any CPU
		{F4DF2B7E-DDB2-4539-B49F-C9EA142083FD}.Release|Any CPU.ActiveCfg = Release|Any CPU
		{F4DF2B7E-DDB2-4539-B49F-C9EA142083FD}.Release|Any CPU.Build.0 = Release|Any CPU
		{F98BB579-D015-4173-B685-74899FCF4E5A}.Debug|Any CPU.ActiveCfg = Debug|Any CPU
		{F98BB579-D015-4173-B685-74899FCF4E5A}.Debug|Any CPU.Build.0 = Debug|Any CPU
		{F98BB579-D015-4173-B685-74899FCF4E5A}.Release|Any CPU.ActiveCfg = Release|Any CPU
		{F98BB579-D015-4173-B685-74899FCF4E5A}.Release|Any CPU.Build.0 = Release|Any CPU
		{F632867F-0AAD-46DF-A661-93D4ED3E8BAD}.Debug|Any CPU.ActiveCfg = Debug|Any CPU
		{F632867F-0AAD-46DF-A661-93D4ED3E8BAD}.Debug|Any CPU.Build.0 = Debug|Any CPU
		{F632867F-0AAD-46DF-A661-93D4ED3E8BAD}.Release|Any CPU.ActiveCfg = Release|Any CPU
		{F632867F-0AAD-46DF-A661-93D4ED3E8BAD}.Release|Any CPU.Build.0 = Release|Any CPU
		{842D1550-8742-41BB-801F-C1FDA7CFF8BD}.Debug|Any CPU.ActiveCfg = Debug|Any CPU
		{842D1550-8742-41BB-801F-C1FDA7CFF8BD}.Debug|Any CPU.Build.0 = Debug|Any CPU
		{842D1550-8742-41BB-801F-C1FDA7CFF8BD}.Release|Any CPU.ActiveCfg = Release|Any CPU
		{842D1550-8742-41BB-801F-C1FDA7CFF8BD}.Release|Any CPU.Build.0 = Release|Any CPU
		{664AE0EC-1B69-421E-8EE2-BF567C40280F}.Debug|Any CPU.ActiveCfg = Debug|Any CPU
		{664AE0EC-1B69-421E-8EE2-BF567C40280F}.Debug|Any CPU.Build.0 = Debug|Any CPU
		{664AE0EC-1B69-421E-8EE2-BF567C40280F}.Release|Any CPU.ActiveCfg = Release|Any CPU
		{664AE0EC-1B69-421E-8EE2-BF567C40280F}.Release|Any CPU.Build.0 = Release|Any CPU
		{A27423F2-AD74-42CB-B4DB-4873A4EC10D6}.Debug|Any CPU.ActiveCfg = Debug|Any CPU
		{A27423F2-AD74-42CB-B4DB-4873A4EC10D6}.Debug|Any CPU.Build.0 = Debug|Any CPU
		{A27423F2-AD74-42CB-B4DB-4873A4EC10D6}.Release|Any CPU.ActiveCfg = Release|Any CPU
		{A27423F2-AD74-42CB-B4DB-4873A4EC10D6}.Release|Any CPU.Build.0 = Release|Any CPU
		{0B44EEFA-8883-4F6F-8D7F-567A3EAB0A26}.Debug|Any CPU.ActiveCfg = Debug|Any CPU
		{0B44EEFA-8883-4F6F-8D7F-567A3EAB0A26}.Debug|Any CPU.Build.0 = Debug|Any CPU
		{0B44EEFA-8883-4F6F-8D7F-567A3EAB0A26}.Release|Any CPU.ActiveCfg = Release|Any CPU
		{0B44EEFA-8883-4F6F-8D7F-567A3EAB0A26}.Release|Any CPU.Build.0 = Release|Any CPU
		{67E11CF5-A9AF-4DFB-B806-B9455CFACE1F}.Debug|Any CPU.ActiveCfg = Debug|Any CPU
		{67E11CF5-A9AF-4DFB-B806-B9455CFACE1F}.Debug|Any CPU.Build.0 = Debug|Any CPU
		{67E11CF5-A9AF-4DFB-B806-B9455CFACE1F}.Release|Any CPU.ActiveCfg = Release|Any CPU
		{67E11CF5-A9AF-4DFB-B806-B9455CFACE1F}.Release|Any CPU.Build.0 = Release|Any CPU
		{83430CD7-B40E-4753-ADA4-E33DA01E3B43}.Debug|Any CPU.ActiveCfg = Debug|Any CPU
		{83430CD7-B40E-4753-ADA4-E33DA01E3B43}.Debug|Any CPU.Build.0 = Debug|Any CPU
		{83430CD7-B40E-4753-ADA4-E33DA01E3B43}.Release|Any CPU.ActiveCfg = Release|Any CPU
		{83430CD7-B40E-4753-ADA4-E33DA01E3B43}.Release|Any CPU.Build.0 = Release|Any CPU
		{349A74E9-5782-4B24-9E13-87FE0FD3361F}.Debug|Any CPU.ActiveCfg = Debug|Any CPU
		{349A74E9-5782-4B24-9E13-87FE0FD3361F}.Debug|Any CPU.Build.0 = Debug|Any CPU
		{349A74E9-5782-4B24-9E13-87FE0FD3361F}.Release|Any CPU.ActiveCfg = Release|Any CPU
		{349A74E9-5782-4B24-9E13-87FE0FD3361F}.Release|Any CPU.Build.0 = Release|Any CPU
		{30675F8A-EC8C-4D7F-8847-FEFA6A8EDC62}.Debug|Any CPU.ActiveCfg = Debug|Any CPU
		{30675F8A-EC8C-4D7F-8847-FEFA6A8EDC62}.Debug|Any CPU.Build.0 = Debug|Any CPU
		{30675F8A-EC8C-4D7F-8847-FEFA6A8EDC62}.Release|Any CPU.ActiveCfg = Release|Any CPU
		{30675F8A-EC8C-4D7F-8847-FEFA6A8EDC62}.Release|Any CPU.Build.0 = Release|Any CPU
		{F2A95D7D-328D-45A0-AD2F-60061260A2DD}.Debug|Any CPU.ActiveCfg = Debug|Any CPU
		{F2A95D7D-328D-45A0-AD2F-60061260A2DD}.Debug|Any CPU.Build.0 = Debug|Any CPU
		{F2A95D7D-328D-45A0-AD2F-60061260A2DD}.Release|Any CPU.ActiveCfg = Release|Any CPU
		{F2A95D7D-328D-45A0-AD2F-60061260A2DD}.Release|Any CPU.Build.0 = Release|Any CPU
		{3EB098A5-E196-47DA-9B1A-9B6DFEF50F34}.Debug|Any CPU.ActiveCfg = Debug|Any CPU
		{3EB098A5-E196-47DA-9B1A-9B6DFEF50F34}.Debug|Any CPU.Build.0 = Debug|Any CPU
		{3EB098A5-E196-47DA-9B1A-9B6DFEF50F34}.Release|Any CPU.ActiveCfg = Release|Any CPU
		{3EB098A5-E196-47DA-9B1A-9B6DFEF50F34}.Release|Any CPU.Build.0 = Release|Any CPU
		{2A8C35F1-E97D-4E5E-88D2-4BD3B73BCF84}.Debug|Any CPU.ActiveCfg = Debug|Any CPU
		{2A8C35F1-E97D-4E5E-88D2-4BD3B73BCF84}.Debug|Any CPU.Build.0 = Debug|Any CPU
		{2A8C35F1-E97D-4E5E-88D2-4BD3B73BCF84}.Release|Any CPU.ActiveCfg = Release|Any CPU
		{2A8C35F1-E97D-4E5E-88D2-4BD3B73BCF84}.Release|Any CPU.Build.0 = Release|Any CPU
		{EB044615-4C93-4FBD-921A-1A6E9891F4B0}.Debug|Any CPU.ActiveCfg = Debug|Any CPU
		{EB044615-4C93-4FBD-921A-1A6E9891F4B0}.Debug|Any CPU.Build.0 = Debug|Any CPU
		{EB044615-4C93-4FBD-921A-1A6E9891F4B0}.Release|Any CPU.ActiveCfg = Release|Any CPU
		{EB044615-4C93-4FBD-921A-1A6E9891F4B0}.Release|Any CPU.Build.0 = Release|Any CPU
		{C4B47D49-0D2E-4E89-8DE5-7508C6E050E4}.Debug|Any CPU.ActiveCfg = Debug|Any CPU
		{C4B47D49-0D2E-4E89-8DE5-7508C6E050E4}.Debug|Any CPU.Build.0 = Debug|Any CPU
		{C4B47D49-0D2E-4E89-8DE5-7508C6E050E4}.Release|Any CPU.ActiveCfg = Release|Any CPU
		{C4B47D49-0D2E-4E89-8DE5-7508C6E050E4}.Release|Any CPU.Build.0 = Release|Any CPU
		{43FA94FE-4B17-4C63-AF45-190F3D9AD0F6}.Debug|Any CPU.ActiveCfg = Debug|Any CPU
		{43FA94FE-4B17-4C63-AF45-190F3D9AD0F6}.Debug|Any CPU.Build.0 = Debug|Any CPU
		{43FA94FE-4B17-4C63-AF45-190F3D9AD0F6}.Release|Any CPU.ActiveCfg = Release|Any CPU
		{43FA94FE-4B17-4C63-AF45-190F3D9AD0F6}.Release|Any CPU.Build.0 = Release|Any CPU
		{D2D1E5ED-19FB-4C38-A6D5-4778025C81B1}.Debug|Any CPU.ActiveCfg = Debug|Any CPU
		{D2D1E5ED-19FB-4C38-A6D5-4778025C81B1}.Debug|Any CPU.Build.0 = Debug|Any CPU
		{D2D1E5ED-19FB-4C38-A6D5-4778025C81B1}.Release|Any CPU.ActiveCfg = Release|Any CPU
		{D2D1E5ED-19FB-4C38-A6D5-4778025C81B1}.Release|Any CPU.Build.0 = Release|Any CPU
		{46787BE3-81BE-4E98-9569-F0F7EDB0FDC0}.Debug|Any CPU.ActiveCfg = Debug|Any CPU
		{46787BE3-81BE-4E98-9569-F0F7EDB0FDC0}.Debug|Any CPU.Build.0 = Debug|Any CPU
		{46787BE3-81BE-4E98-9569-F0F7EDB0FDC0}.Release|Any CPU.ActiveCfg = Release|Any CPU
		{46787BE3-81BE-4E98-9569-F0F7EDB0FDC0}.Release|Any CPU.Build.0 = Release|Any CPU
		{F1AE91B8-A2EA-43A2-AAB1-3D8F3C7CE192}.Debug|Any CPU.ActiveCfg = Debug|Any CPU
		{F1AE91B8-A2EA-43A2-AAB1-3D8F3C7CE192}.Debug|Any CPU.Build.0 = Debug|Any CPU
		{F1AE91B8-A2EA-43A2-AAB1-3D8F3C7CE192}.Release|Any CPU.ActiveCfg = Release|Any CPU
		{F1AE91B8-A2EA-43A2-AAB1-3D8F3C7CE192}.Release|Any CPU.Build.0 = Release|Any CPU
		{334CB432-97D5-406F-9304-A689D487DAF0}.Debug|Any CPU.ActiveCfg = Debug|Any CPU
		{334CB432-97D5-406F-9304-A689D487DAF0}.Debug|Any CPU.Build.0 = Debug|Any CPU
		{334CB432-97D5-406F-9304-A689D487DAF0}.Release|Any CPU.ActiveCfg = Release|Any CPU
		{334CB432-97D5-406F-9304-A689D487DAF0}.Release|Any CPU.Build.0 = Release|Any CPU
		{EFAD1F84-B5BD-45C0-AAE0-2113CA201457}.Debug|Any CPU.ActiveCfg = Debug|Any CPU
		{EFAD1F84-B5BD-45C0-AAE0-2113CA201457}.Debug|Any CPU.Build.0 = Debug|Any CPU
		{EFAD1F84-B5BD-45C0-AAE0-2113CA201457}.Release|Any CPU.ActiveCfg = Release|Any CPU
		{EFAD1F84-B5BD-45C0-AAE0-2113CA201457}.Release|Any CPU.Build.0 = Release|Any CPU
		{D5D065A8-7914-4E24-82D8-DB8A9BF5C69F}.Debug|Any CPU.ActiveCfg = Debug|Any CPU
		{D5D065A8-7914-4E24-82D8-DB8A9BF5C69F}.Debug|Any CPU.Build.0 = Debug|Any CPU
		{D5D065A8-7914-4E24-82D8-DB8A9BF5C69F}.Release|Any CPU.ActiveCfg = Release|Any CPU
		{D5D065A8-7914-4E24-82D8-DB8A9BF5C69F}.Release|Any CPU.Build.0 = Release|Any CPU
		{4825F9DC-B413-4C02-9145-A1BCC1A53040}.Debug|Any CPU.ActiveCfg = Debug|Any CPU
		{4825F9DC-B413-4C02-9145-A1BCC1A53040}.Debug|Any CPU.Build.0 = Debug|Any CPU
		{4825F9DC-B413-4C02-9145-A1BCC1A53040}.Release|Any CPU.ActiveCfg = Release|Any CPU
		{4825F9DC-B413-4C02-9145-A1BCC1A53040}.Release|Any CPU.Build.0 = Release|Any CPU
		{F6B93A92-9D89-40F3-B636-20D3EDF8D5FE}.Debug|Any CPU.ActiveCfg = Debug|Any CPU
		{F6B93A92-9D89-40F3-B636-20D3EDF8D5FE}.Debug|Any CPU.Build.0 = Debug|Any CPU
		{F6B93A92-9D89-40F3-B636-20D3EDF8D5FE}.Release|Any CPU.ActiveCfg = Release|Any CPU
		{F6B93A92-9D89-40F3-B636-20D3EDF8D5FE}.Release|Any CPU.Build.0 = Release|Any CPU
		{AB6079D6-B808-435C-B2CC-79280489D639}.Debug|Any CPU.ActiveCfg = Debug|Any CPU
		{AB6079D6-B808-435C-B2CC-79280489D639}.Debug|Any CPU.Build.0 = Debug|Any CPU
		{AB6079D6-B808-435C-B2CC-79280489D639}.Release|Any CPU.ActiveCfg = Release|Any CPU
		{AB6079D6-B808-435C-B2CC-79280489D639}.Release|Any CPU.Build.0 = Release|Any CPU
		{FDCFEF55-FF3A-45C9-B5D0-82920E5D9721}.Debug|Any CPU.ActiveCfg = Debug|Any CPU
		{FDCFEF55-FF3A-45C9-B5D0-82920E5D9721}.Debug|Any CPU.Build.0 = Debug|Any CPU
		{FDCFEF55-FF3A-45C9-B5D0-82920E5D9721}.Release|Any CPU.ActiveCfg = Release|Any CPU
		{FDCFEF55-FF3A-45C9-B5D0-82920E5D9721}.Release|Any CPU.Build.0 = Release|Any CPU
		{283D6635-6DF5-4711-8499-448CE9614D70}.Debug|Any CPU.ActiveCfg = Debug|Any CPU
		{283D6635-6DF5-4711-8499-448CE9614D70}.Debug|Any CPU.Build.0 = Debug|Any CPU
		{283D6635-6DF5-4711-8499-448CE9614D70}.Release|Any CPU.ActiveCfg = Release|Any CPU
		{283D6635-6DF5-4711-8499-448CE9614D70}.Release|Any CPU.Build.0 = Release|Any CPU
		{84B1BA94-FE00-475B-BA6E-BC8E631269F7}.Debug|Any CPU.ActiveCfg = Debug|Any CPU
		{84B1BA94-FE00-475B-BA6E-BC8E631269F7}.Debug|Any CPU.Build.0 = Debug|Any CPU
		{84B1BA94-FE00-475B-BA6E-BC8E631269F7}.Release|Any CPU.ActiveCfg = Release|Any CPU
		{84B1BA94-FE00-475B-BA6E-BC8E631269F7}.Release|Any CPU.Build.0 = Release|Any CPU
		{9ED15409-55FF-43C9-90A2-4B31B35DCFCD}.Debug|Any CPU.ActiveCfg = Debug|Any CPU
		{9ED15409-55FF-43C9-90A2-4B31B35DCFCD}.Debug|Any CPU.Build.0 = Debug|Any CPU
		{9ED15409-55FF-43C9-90A2-4B31B35DCFCD}.Release|Any CPU.ActiveCfg = Release|Any CPU
		{9ED15409-55FF-43C9-90A2-4B31B35DCFCD}.Release|Any CPU.Build.0 = Release|Any CPU
		{17220987-944D-4254-865C-A7DAB6BDAA2F}.Debug|Any CPU.ActiveCfg = Debug|Any CPU
		{17220987-944D-4254-865C-A7DAB6BDAA2F}.Debug|Any CPU.Build.0 = Debug|Any CPU
		{17220987-944D-4254-865C-A7DAB6BDAA2F}.Release|Any CPU.ActiveCfg = Release|Any CPU
		{17220987-944D-4254-865C-A7DAB6BDAA2F}.Release|Any CPU.Build.0 = Release|Any CPU
		{871D6954-7C2A-4ABA-B752-B8D80D830634}.Debug|Any CPU.ActiveCfg = Debug|Any CPU
		{871D6954-7C2A-4ABA-B752-B8D80D830634}.Debug|Any CPU.Build.0 = Debug|Any CPU
		{871D6954-7C2A-4ABA-B752-B8D80D830634}.Release|Any CPU.ActiveCfg = Release|Any CPU
		{871D6954-7C2A-4ABA-B752-B8D80D830634}.Release|Any CPU.Build.0 = Release|Any CPU
		{DFA291C9-219B-4EF9-AA09-E18C853168AF}.Debug|Any CPU.ActiveCfg = Debug|Any CPU
		{DFA291C9-219B-4EF9-AA09-E18C853168AF}.Debug|Any CPU.Build.0 = Debug|Any CPU
		{DFA291C9-219B-4EF9-AA09-E18C853168AF}.Release|Any CPU.ActiveCfg = Release|Any CPU
		{DFA291C9-219B-4EF9-AA09-E18C853168AF}.Release|Any CPU.Build.0 = Release|Any CPU
		{28CE9B47-BA30-4E80-A926-0B193C4B3662}.Debug|Any CPU.ActiveCfg = Debug|Any CPU
		{28CE9B47-BA30-4E80-A926-0B193C4B3662}.Debug|Any CPU.Build.0 = Debug|Any CPU
		{28CE9B47-BA30-4E80-A926-0B193C4B3662}.Release|Any CPU.ActiveCfg = Release|Any CPU
		{28CE9B47-BA30-4E80-A926-0B193C4B3662}.Release|Any CPU.Build.0 = Release|Any CPU
		{36C91EC5-6E6A-4B91-9E05-47DE3025514D}.Debug|Any CPU.ActiveCfg = Debug|Any CPU
		{36C91EC5-6E6A-4B91-9E05-47DE3025514D}.Debug|Any CPU.Build.0 = Debug|Any CPU
		{36C91EC5-6E6A-4B91-9E05-47DE3025514D}.Release|Any CPU.ActiveCfg = Release|Any CPU
		{36C91EC5-6E6A-4B91-9E05-47DE3025514D}.Release|Any CPU.Build.0 = Release|Any CPU
		{FE64F4E7-09B9-444F-BFBF-18B405070DE3}.Debug|Any CPU.ActiveCfg = Debug|Any CPU
		{FE64F4E7-09B9-444F-BFBF-18B405070DE3}.Debug|Any CPU.Build.0 = Debug|Any CPU
		{FE64F4E7-09B9-444F-BFBF-18B405070DE3}.Release|Any CPU.ActiveCfg = Release|Any CPU
		{FE64F4E7-09B9-444F-BFBF-18B405070DE3}.Release|Any CPU.Build.0 = Release|Any CPU
		{68B0808E-A325-4AE2-82F4-E51E3A4F0A33}.Debug|Any CPU.ActiveCfg = Debug|Any CPU
		{68B0808E-A325-4AE2-82F4-E51E3A4F0A33}.Debug|Any CPU.Build.0 = Debug|Any CPU
		{68B0808E-A325-4AE2-82F4-E51E3A4F0A33}.Release|Any CPU.ActiveCfg = Release|Any CPU
		{68B0808E-A325-4AE2-82F4-E51E3A4F0A33}.Release|Any CPU.Build.0 = Release|Any CPU
		{D4B30834-0F0A-4ECB-9C95-E7A2CA6CE116}.Debug|Any CPU.ActiveCfg = Debug|Any CPU
		{D4B30834-0F0A-4ECB-9C95-E7A2CA6CE116}.Debug|Any CPU.Build.0 = Debug|Any CPU
		{D4B30834-0F0A-4ECB-9C95-E7A2CA6CE116}.Release|Any CPU.ActiveCfg = Release|Any CPU
		{D4B30834-0F0A-4ECB-9C95-E7A2CA6CE116}.Release|Any CPU.Build.0 = Release|Any CPU
		{B873B117-F52A-4327-ACEC-DD0256D2449B}.Debug|Any CPU.ActiveCfg = Debug|Any CPU
		{B873B117-F52A-4327-ACEC-DD0256D2449B}.Debug|Any CPU.Build.0 = Debug|Any CPU
		{B873B117-F52A-4327-ACEC-DD0256D2449B}.Release|Any CPU.ActiveCfg = Release|Any CPU
		{B873B117-F52A-4327-ACEC-DD0256D2449B}.Release|Any CPU.Build.0 = Release|Any CPU
		{2BC9A20B-86F3-41DC-AA26-7BB0BC546132}.Debug|Any CPU.ActiveCfg = Debug|Any CPU
		{2BC9A20B-86F3-41DC-AA26-7BB0BC546132}.Debug|Any CPU.Build.0 = Debug|Any CPU
		{2BC9A20B-86F3-41DC-AA26-7BB0BC546132}.Release|Any CPU.ActiveCfg = Release|Any CPU
		{2BC9A20B-86F3-41DC-AA26-7BB0BC546132}.Release|Any CPU.Build.0 = Release|Any CPU
		{8165FBC5-42CF-47B0-A05A-C9E009DEE6C5}.Debug|Any CPU.ActiveCfg = Debug|Any CPU
		{8165FBC5-42CF-47B0-A05A-C9E009DEE6C5}.Debug|Any CPU.Build.0 = Debug|Any CPU
		{8165FBC5-42CF-47B0-A05A-C9E009DEE6C5}.Release|Any CPU.ActiveCfg = Release|Any CPU
		{8165FBC5-42CF-47B0-A05A-C9E009DEE6C5}.Release|Any CPU.Build.0 = Release|Any CPU
		{8C9A3743-2887-484C-9BDB-5700D626AAFA}.Debug|Any CPU.ActiveCfg = Debug|Any CPU
		{8C9A3743-2887-484C-9BDB-5700D626AAFA}.Debug|Any CPU.Build.0 = Debug|Any CPU
		{8C9A3743-2887-484C-9BDB-5700D626AAFA}.Release|Any CPU.ActiveCfg = Release|Any CPU
		{8C9A3743-2887-484C-9BDB-5700D626AAFA}.Release|Any CPU.Build.0 = Release|Any CPU
		{8CF4B233-B901-4926-9588-3B6A759DB21A}.Debug|Any CPU.ActiveCfg = Debug|Any CPU
		{8CF4B233-B901-4926-9588-3B6A759DB21A}.Debug|Any CPU.Build.0 = Debug|Any CPU
		{8CF4B233-B901-4926-9588-3B6A759DB21A}.Release|Any CPU.ActiveCfg = Release|Any CPU
		{8CF4B233-B901-4926-9588-3B6A759DB21A}.Release|Any CPU.Build.0 = Release|Any CPU
		{48C0B5B5-D627-4903-835E-2CBAC607EF4D}.Debug|Any CPU.ActiveCfg = Debug|Any CPU
		{48C0B5B5-D627-4903-835E-2CBAC607EF4D}.Debug|Any CPU.Build.0 = Debug|Any CPU
		{48C0B5B5-D627-4903-835E-2CBAC607EF4D}.Release|Any CPU.ActiveCfg = Release|Any CPU
		{48C0B5B5-D627-4903-835E-2CBAC607EF4D}.Release|Any CPU.Build.0 = Release|Any CPU
		{6AB1079C-965C-4C9E-A633-2D7D03D439AD}.Debug|Any CPU.ActiveCfg = Debug|Any CPU
		{6AB1079C-965C-4C9E-A633-2D7D03D439AD}.Debug|Any CPU.Build.0 = Debug|Any CPU
		{6AB1079C-965C-4C9E-A633-2D7D03D439AD}.Release|Any CPU.ActiveCfg = Release|Any CPU
		{6AB1079C-965C-4C9E-A633-2D7D03D439AD}.Release|Any CPU.Build.0 = Release|Any CPU
		{E12ABDDE-6642-4030-B25C-BBC4F504D0C4}.Debug|Any CPU.ActiveCfg = Debug|Any CPU
		{E12ABDDE-6642-4030-B25C-BBC4F504D0C4}.Debug|Any CPU.Build.0 = Debug|Any CPU
		{E12ABDDE-6642-4030-B25C-BBC4F504D0C4}.Release|Any CPU.ActiveCfg = Release|Any CPU
		{E12ABDDE-6642-4030-B25C-BBC4F504D0C4}.Release|Any CPU.Build.0 = Release|Any CPU
		{721E2BBD-E567-40D4-A69E-F35A6FF5BEA9}.Debug|Any CPU.ActiveCfg = Debug|Any CPU
		{721E2BBD-E567-40D4-A69E-F35A6FF5BEA9}.Debug|Any CPU.Build.0 = Debug|Any CPU
		{721E2BBD-E567-40D4-A69E-F35A6FF5BEA9}.Release|Any CPU.ActiveCfg = Release|Any CPU
		{721E2BBD-E567-40D4-A69E-F35A6FF5BEA9}.Release|Any CPU.Build.0 = Release|Any CPU
		{87067B60-74C7-493F-A65D-C1183878536A}.Debug|Any CPU.ActiveCfg = Debug|Any CPU
		{87067B60-74C7-493F-A65D-C1183878536A}.Debug|Any CPU.Build.0 = Debug|Any CPU
		{87067B60-74C7-493F-A65D-C1183878536A}.Release|Any CPU.ActiveCfg = Release|Any CPU
		{87067B60-74C7-493F-A65D-C1183878536A}.Release|Any CPU.Build.0 = Release|Any CPU
		{479F401C-0840-4D6E-8652-D0A26B4B464B}.Debug|Any CPU.ActiveCfg = Debug|Any CPU
		{479F401C-0840-4D6E-8652-D0A26B4B464B}.Debug|Any CPU.Build.0 = Debug|Any CPU
		{479F401C-0840-4D6E-8652-D0A26B4B464B}.Release|Any CPU.ActiveCfg = Release|Any CPU
		{479F401C-0840-4D6E-8652-D0A26B4B464B}.Release|Any CPU.Build.0 = Release|Any CPU
		{F7AD6428-F950-408C-9BE8-EB506E753A6B}.Debug|Any CPU.ActiveCfg = Debug|Any CPU
		{F7AD6428-F950-408C-9BE8-EB506E753A6B}.Debug|Any CPU.Build.0 = Debug|Any CPU
		{F7AD6428-F950-408C-9BE8-EB506E753A6B}.Release|Any CPU.ActiveCfg = Release|Any CPU
		{F7AD6428-F950-408C-9BE8-EB506E753A6B}.Release|Any CPU.Build.0 = Release|Any CPU
		{25DB4AC5-87DE-48BC-96E4-8A12D3CEF491}.Debug|Any CPU.ActiveCfg = Debug|Any CPU
		{25DB4AC5-87DE-48BC-96E4-8A12D3CEF491}.Debug|Any CPU.Build.0 = Debug|Any CPU
		{25DB4AC5-87DE-48BC-96E4-8A12D3CEF491}.Release|Any CPU.ActiveCfg = Release|Any CPU
		{25DB4AC5-87DE-48BC-96E4-8A12D3CEF491}.Release|Any CPU.Build.0 = Release|Any CPU
		{820D2706-2899-442C-A033-D996E407712E}.Debug|Any CPU.ActiveCfg = Debug|Any CPU
		{820D2706-2899-442C-A033-D996E407712E}.Debug|Any CPU.Build.0 = Debug|Any CPU
		{820D2706-2899-442C-A033-D996E407712E}.Release|Any CPU.ActiveCfg = Release|Any CPU
		{820D2706-2899-442C-A033-D996E407712E}.Release|Any CPU.Build.0 = Release|Any CPU
		{332E16D7-54A8-475F-B3F2-7672B74D4F29}.Debug|Any CPU.ActiveCfg = Debug|Any CPU
		{332E16D7-54A8-475F-B3F2-7672B74D4F29}.Debug|Any CPU.Build.0 = Debug|Any CPU
		{332E16D7-54A8-475F-B3F2-7672B74D4F29}.Release|Any CPU.ActiveCfg = Release|Any CPU
		{332E16D7-54A8-475F-B3F2-7672B74D4F29}.Release|Any CPU.Build.0 = Release|Any CPU
		{5DCD9C39-9105-4A57-B1ED-6DE70C360BD9}.Debug|Any CPU.ActiveCfg = Debug|Any CPU
		{5DCD9C39-9105-4A57-B1ED-6DE70C360BD9}.Debug|Any CPU.Build.0 = Debug|Any CPU
		{5DCD9C39-9105-4A57-B1ED-6DE70C360BD9}.Release|Any CPU.ActiveCfg = Release|Any CPU
		{5DCD9C39-9105-4A57-B1ED-6DE70C360BD9}.Release|Any CPU.Build.0 = Release|Any CPU
		{FC2DCB8B-2C1B-4909-AFC1-D3AE0F1DF3BD}.Debug|Any CPU.ActiveCfg = Debug|Any CPU
		{FC2DCB8B-2C1B-4909-AFC1-D3AE0F1DF3BD}.Debug|Any CPU.Build.0 = Debug|Any CPU
		{FC2DCB8B-2C1B-4909-AFC1-D3AE0F1DF3BD}.Release|Any CPU.ActiveCfg = Release|Any CPU
		{FC2DCB8B-2C1B-4909-AFC1-D3AE0F1DF3BD}.Release|Any CPU.Build.0 = Release|Any CPU
		{08A07903-818D-4EDB-A597-F01E65C5C0A5}.Debug|Any CPU.ActiveCfg = Debug|Any CPU
		{08A07903-818D-4EDB-A597-F01E65C5C0A5}.Debug|Any CPU.Build.0 = Debug|Any CPU
		{08A07903-818D-4EDB-A597-F01E65C5C0A5}.Release|Any CPU.ActiveCfg = Release|Any CPU
		{08A07903-818D-4EDB-A597-F01E65C5C0A5}.Release|Any CPU.Build.0 = Release|Any CPU
		{DCB611E7-8AC3-4EB2-96F4-F90EA0227121}.Debug|Any CPU.ActiveCfg = Debug|Any CPU
		{DCB611E7-8AC3-4EB2-96F4-F90EA0227121}.Debug|Any CPU.Build.0 = Debug|Any CPU
		{DCB611E7-8AC3-4EB2-96F4-F90EA0227121}.Release|Any CPU.ActiveCfg = Release|Any CPU
		{DCB611E7-8AC3-4EB2-96F4-F90EA0227121}.Release|Any CPU.Build.0 = Release|Any CPU
		{C0FE9F23-CCE8-4E4C-9E3A-AEECA605E889}.Debug|Any CPU.ActiveCfg = Debug|Any CPU
		{C0FE9F23-CCE8-4E4C-9E3A-AEECA605E889}.Debug|Any CPU.Build.0 = Debug|Any CPU
		{C0FE9F23-CCE8-4E4C-9E3A-AEECA605E889}.Release|Any CPU.ActiveCfg = Release|Any CPU
		{C0FE9F23-CCE8-4E4C-9E3A-AEECA605E889}.Release|Any CPU.Build.0 = Release|Any CPU
		{C8A068C0-61DE-42FC-AC6E-F869ABA65CC5}.Debug|Any CPU.ActiveCfg = Debug|Any CPU
		{C8A068C0-61DE-42FC-AC6E-F869ABA65CC5}.Debug|Any CPU.Build.0 = Debug|Any CPU
		{C8A068C0-61DE-42FC-AC6E-F869ABA65CC5}.Release|Any CPU.ActiveCfg = Release|Any CPU
		{C8A068C0-61DE-42FC-AC6E-F869ABA65CC5}.Release|Any CPU.Build.0 = Release|Any CPU
		{06335AA6-4237-49BC-BDED-B05233ADD6AF}.Debug|Any CPU.ActiveCfg = Debug|Any CPU
		{06335AA6-4237-49BC-BDED-B05233ADD6AF}.Debug|Any CPU.Build.0 = Debug|Any CPU
		{06335AA6-4237-49BC-BDED-B05233ADD6AF}.Release|Any CPU.ActiveCfg = Release|Any CPU
		{06335AA6-4237-49BC-BDED-B05233ADD6AF}.Release|Any CPU.Build.0 = Release|Any CPU
		{2C8B8FED-57C4-40A2-835B-85E686D9349D}.Debug|Any CPU.ActiveCfg = Debug|Any CPU
		{2C8B8FED-57C4-40A2-835B-85E686D9349D}.Debug|Any CPU.Build.0 = Debug|Any CPU
		{2C8B8FED-57C4-40A2-835B-85E686D9349D}.Release|Any CPU.ActiveCfg = Release|Any CPU
		{2C8B8FED-57C4-40A2-835B-85E686D9349D}.Release|Any CPU.Build.0 = Release|Any CPU
		{36CE13EE-15C6-40D7-A59A-C862454DB9FC}.Debug|Any CPU.ActiveCfg = Debug|Any CPU
		{36CE13EE-15C6-40D7-A59A-C862454DB9FC}.Debug|Any CPU.Build.0 = Debug|Any CPU
		{36CE13EE-15C6-40D7-A59A-C862454DB9FC}.Release|Any CPU.ActiveCfg = Release|Any CPU
		{36CE13EE-15C6-40D7-A59A-C862454DB9FC}.Release|Any CPU.Build.0 = Release|Any CPU
		{91D33C60-B283-49F0-86E1-8450A2961AFB}.Debug|Any CPU.ActiveCfg = Debug|Any CPU
		{91D33C60-B283-49F0-86E1-8450A2961AFB}.Debug|Any CPU.Build.0 = Debug|Any CPU
		{91D33C60-B283-49F0-86E1-8450A2961AFB}.Release|Any CPU.ActiveCfg = Release|Any CPU
		{91D33C60-B283-49F0-86E1-8450A2961AFB}.Release|Any CPU.Build.0 = Release|Any CPU
		{1A48C09A-4AE0-4A1C-866A-B0EFD787B6A0}.Debug|Any CPU.ActiveCfg = Debug|Any CPU
		{1A48C09A-4AE0-4A1C-866A-B0EFD787B6A0}.Debug|Any CPU.Build.0 = Debug|Any CPU
		{1A48C09A-4AE0-4A1C-866A-B0EFD787B6A0}.Release|Any CPU.ActiveCfg = Release|Any CPU
		{1A48C09A-4AE0-4A1C-866A-B0EFD787B6A0}.Release|Any CPU.Build.0 = Release|Any CPU
		{535C0718-17ED-4F6B-A2F4-394D5D090CCE}.Debug|Any CPU.ActiveCfg = Debug|Any CPU
		{535C0718-17ED-4F6B-A2F4-394D5D090CCE}.Debug|Any CPU.Build.0 = Debug|Any CPU
		{535C0718-17ED-4F6B-A2F4-394D5D090CCE}.Release|Any CPU.ActiveCfg = Release|Any CPU
		{535C0718-17ED-4F6B-A2F4-394D5D090CCE}.Release|Any CPU.Build.0 = Release|Any CPU
		{DEBBD8E2-B22D-4C99-80C6-102EB04BD313}.Debug|Any CPU.ActiveCfg = Debug|Any CPU
		{DEBBD8E2-B22D-4C99-80C6-102EB04BD313}.Debug|Any CPU.Build.0 = Debug|Any CPU
		{DEBBD8E2-B22D-4C99-80C6-102EB04BD313}.Release|Any CPU.ActiveCfg = Release|Any CPU
		{DEBBD8E2-B22D-4C99-80C6-102EB04BD313}.Release|Any CPU.Build.0 = Release|Any CPU
	EndGlobalSection
	GlobalSection(SolutionProperties) = preSolution
		HideSolutionNode = FALSE
	EndGlobalSection
	GlobalSection(ExtensibilityGlobals) = postSolution
		SolutionGuid = {71F7665E-0D29-4188-BAAD-D2A7AC0632B1}
	EndGlobalSection
EndGlobal
